// !$*UTF8*$!
{
	archiveVersion = 1;
	classes = {
	};
	objectVersion = 50;
	objects = {

/* Begin PBXBuildFile section */
		8233E2A9266DB7F100354A0F /* AppDelegate.swift in Sources */ = {isa = PBXBuildFile; fileRef = 8233E2A8266DB7F100354A0F /* AppDelegate.swift */; };
		8233E2AB266DB7F100354A0F /* SceneDelegate.swift in Sources */ = {isa = PBXBuildFile; fileRef = 8233E2AA266DB7F100354A0F /* SceneDelegate.swift */; };
		8233E2AD266DB7F100354A0F /* ViewController.swift in Sources */ = {isa = PBXBuildFile; fileRef = 8233E2AC266DB7F100354A0F /* ViewController.swift */; };
		8233E2B0266DB7F100354A0F /* Main.storyboard in Resources */ = {isa = PBXBuildFile; fileRef = 8233E2AE266DB7F100354A0F /* Main.storyboard */; };
		8233E2B2266DB7F600354A0F /* Assets.xcassets in Resources */ = {isa = PBXBuildFile; fileRef = 8233E2B1266DB7F600354A0F /* Assets.xcassets */; };
		8233E2B5266DB7F600354A0F /* LaunchScreen.storyboard in Resources */ = {isa = PBXBuildFile; fileRef = 8233E2B3266DB7F600354A0F /* LaunchScreen.storyboard */; };
		8233E2C0266DB7F700354A0F /* DatePickerTests.swift in Sources */ = {isa = PBXBuildFile; fileRef = 8233E2BF266DB7F700354A0F /* DatePickerTests.swift */; };
		8233E2CB266DB7F800354A0F /* DatePickerUITests.swift in Sources */ = {isa = PBXBuildFile; fileRef = 8233E2CA266DB7F800354A0F /* DatePickerUITests.swift */; };
/* End PBXBuildFile section */

/* Begin PBXContainerItemProxy section */
		8233E2BC266DB7F700354A0F /* PBXContainerItemProxy */ = {
			isa = PBXContainerItemProxy;
			containerPortal = 8233E29D266DB7F100354A0F /* Project object */;
			proxyType = 1;
			remoteGlobalIDString = 8233E2A4266DB7F100354A0F;
			remoteInfo = DatePicker;
		};
		8233E2C7266DB7F800354A0F /* PBXContainerItemProxy */ = {
			isa = PBXContainerItemProxy;
			containerPortal = 8233E29D266DB7F100354A0F /* Project object */;
			proxyType = 1;
			remoteGlobalIDString = 8233E2A4266DB7F100354A0F;
			remoteInfo = DatePicker;
		};
/* End PBXContainerItemProxy section */

/* Begin PBXFileReference section */
		8233E2A5266DB7F100354A0F /*  */ = {isa = PBXFileReference; explicitFileType = wrapper.application; includeInIndex = 0; name = ""; sourceTree = BUILT_PRODUCTS_DIR; };
		8233E2A8266DB7F100354A0F /* AppDelegate.swift */ = {isa = PBXFileReference; lastKnownFileType = sourcecode.swift; path = AppDelegate.swift; sourceTree = "<group>"; };
		8233E2AA266DB7F100354A0F /* SceneDelegate.swift */ = {isa = PBXFileReference; lastKnownFileType = sourcecode.swift; path = SceneDelegate.swift; sourceTree = "<group>"; };
		8233E2AC266DB7F100354A0F /* ViewController.swift */ = {isa = PBXFileReference; lastKnownFileType = sourcecode.swift; path = ViewController.swift; sourceTree = "<group>"; };
		8233E2AF266DB7F100354A0F /* Base */ = {isa = PBXFileReference; lastKnownFileType = file.storyboard; name = Base; path = Base.lproj/Main.storyboard; sourceTree = "<group>"; };
		8233E2B1266DB7F600354A0F /* Assets.xcassets */ = {isa = PBXFileReference; lastKnownFileType = folder.assetcatalog; path = Assets.xcassets; sourceTree = "<group>"; };
		8233E2B4266DB7F600354A0F /* Base */ = {isa = PBXFileReference; lastKnownFileType = file.storyboard; name = Base; path = Base.lproj/LaunchScreen.storyboard; sourceTree = "<group>"; };
		8233E2B6266DB7F600354A0F /* Info.plist */ = {isa = PBXFileReference; lastKnownFileType = text.plist.xml; path = Info.plist; sourceTree = "<group>"; };
		8233E2BB266DB7F700354A0F /* DatePickerTests.xctest */ = {isa = PBXFileReference; explicitFileType = wrapper.cfbundle; includeInIndex = 0; path = DatePickerTests.xctest; sourceTree = BUILT_PRODUCTS_DIR; };
		8233E2BF266DB7F700354A0F /* DatePickerTests.swift */ = {isa = PBXFileReference; lastKnownFileType = sourcecode.swift; path = DatePickerTests.swift; sourceTree = "<group>"; };
		8233E2C1266DB7F700354A0F /* Info.plist */ = {isa = PBXFileReference; lastKnownFileType = text.plist.xml; path = Info.plist; sourceTree = "<group>"; };
		8233E2C6266DB7F800354A0F /* DatePickerUITests.xctest */ = {isa = PBXFileReference; explicitFileType = wrapper.cfbundle; includeInIndex = 0; path = DatePickerUITests.xctest; sourceTree = BUILT_PRODUCTS_DIR; };
		8233E2CA266DB7F800354A0F /* DatePickerUITests.swift */ = {isa = PBXFileReference; lastKnownFileType = sourcecode.swift; path = DatePickerUITests.swift; sourceTree = "<group>"; };
		8233E2CC266DB7F800354A0F /* Info.plist */ = {isa = PBXFileReference; lastKnownFileType = text.plist.xml; path = Info.plist; sourceTree = "<group>"; };
/* End PBXFileReference section */

/* Begin PBXFrameworksBuildPhase section */
		8233E2A2266DB7F100354A0F /* Frameworks */ = {
			isa = PBXFrameworksBuildPhase;
			buildActionMask = 2147483647;
			files = (
			);
			runOnlyForDeploymentPostprocessing = 0;
		};
		8233E2B8266DB7F700354A0F /* Frameworks */ = {
			isa = PBXFrameworksBuildPhase;
			buildActionMask = 2147483647;
			files = (
			);
			runOnlyForDeploymentPostprocessing = 0;
		};
		8233E2C3266DB7F800354A0F /* Frameworks */ = {
			isa = PBXFrameworksBuildPhase;
			buildActionMask = 2147483647;
			files = (
			);
			runOnlyForDeploymentPostprocessing = 0;
		};
/* End PBXFrameworksBuildPhase section */

/* Begin PBXGroup section */
		8233E29C266DB7F100354A0F = {
			isa = PBXGroup;
			children = (
				8233E2A7266DB7F100354A0F /* DatePicker */,
				8233E2BE266DB7F700354A0F /* DatePickerTests */,
				8233E2C9266DB7F800354A0F /* DatePickerUITests */,
				8233E2A6266DB7F100354A0F /* Products */,
			);
			sourceTree = "<group>";
		};
		8233E2A6266DB7F100354A0F /* Products */ = {
			isa = PBXGroup;
			children = (
				8233E2A5266DB7F100354A0F /*  */,
				8233E2BB266DB7F700354A0F /* DatePickerTests.xctest */,
				8233E2C6266DB7F800354A0F /* DatePickerUITests.xctest */,
			);
			name = Products;
			sourceTree = "<group>";
		};
		8233E2A7266DB7F100354A0F /* DatePicker */ = {
			isa = PBXGroup;
			children = (
				8233E2A8266DB7F100354A0F /* AppDelegate.swift */,
				8233E2AA266DB7F100354A0F /* SceneDelegate.swift */,
				8233E2AC266DB7F100354A0F /* ViewController.swift */,
				8233E2AE266DB7F100354A0F /* Main.storyboard */,
				8233E2B1266DB7F600354A0F /* Assets.xcassets */,
				8233E2B3266DB7F600354A0F /* LaunchScreen.storyboard */,
				8233E2B6266DB7F600354A0F /* Info.plist */,
			);
			path = DatePicker;
			sourceTree = "<group>";
		};
		8233E2BE266DB7F700354A0F /* DatePickerTests */ = {
			isa = PBXGroup;
			children = (
				8233E2BF266DB7F700354A0F /* DatePickerTests.swift */,
				8233E2C1266DB7F700354A0F /* Info.plist */,
			);
			path = DatePickerTests;
			sourceTree = "<group>";
		};
		8233E2C9266DB7F800354A0F /* DatePickerUITests */ = {
			isa = PBXGroup;
			children = (
				8233E2CA266DB7F800354A0F /* DatePickerUITests.swift */,
				8233E2CC266DB7F800354A0F /* Info.plist */,
			);
			path = DatePickerUITests;
			sourceTree = "<group>";
		};
/* End PBXGroup section */

/* Begin PBXNativeTarget section */
		8233E2A4266DB7F100354A0F /* DatePicker */ = {
			isa = PBXNativeTarget;
			buildConfigurationList = 8233E2CF266DB7F800354A0F /* Build configuration list for PBXNativeTarget "DatePicker" */;
			buildPhases = (
				8233E2A1266DB7F100354A0F /* Sources */,
				8233E2A2266DB7F100354A0F /* Frameworks */,
				8233E2A3266DB7F100354A0F /* Resources */,
			);
			buildRules = (
			);
			dependencies = (
			);
			name = DatePicker;
			productName = DatePicker;
			productReference = 8233E2A5266DB7F100354A0F /*  */;
			productType = "com.apple.product-type.application";
		};
		8233E2BA266DB7F700354A0F /* DatePickerTests */ = {
			isa = PBXNativeTarget;
			buildConfigurationList = 8233E2D2266DB7F800354A0F /* Build configuration list for PBXNativeTarget "DatePickerTests" */;
			buildPhases = (
				8233E2B7266DB7F700354A0F /* Sources */,
				8233E2B8266DB7F700354A0F /* Frameworks */,
				8233E2B9266DB7F700354A0F /* Resources */,
			);
			buildRules = (
			);
			dependencies = (
				8233E2BD266DB7F700354A0F /* PBXTargetDependency */,
			);
			name = DatePickerTests;
			productName = DatePickerTests;
			productReference = 8233E2BB266DB7F700354A0F /* DatePickerTests.xctest */;
			productType = "com.apple.product-type.bundle.unit-test";
		};
		8233E2C5266DB7F800354A0F /* DatePickerUITests */ = {
			isa = PBXNativeTarget;
			buildConfigurationList = 8233E2D5266DB7F800354A0F /* Build configuration list for PBXNativeTarget "DatePickerUITests" */;
			buildPhases = (
				8233E2C2266DB7F800354A0F /* Sources */,
				8233E2C3266DB7F800354A0F /* Frameworks */,
				8233E2C4266DB7F800354A0F /* Resources */,
			);
			buildRules = (
			);
			dependencies = (
				8233E2C8266DB7F800354A0F /* PBXTargetDependency */,
			);
			name = DatePickerUITests;
			productName = DatePickerUITests;
			productReference = 8233E2C6266DB7F800354A0F /* DatePickerUITests.xctest */;
			productType = "com.apple.product-type.bundle.ui-testing";
		};
/* End PBXNativeTarget section */

/* Begin PBXProject section */
		8233E29D266DB7F100354A0F /* Project object */ = {
			isa = PBXProject;
			attributes = {
				LastSwiftUpdateCheck = 1240;
				LastUpgradeCheck = 1240;
				TargetAttributes = {
					8233E2A4266DB7F100354A0F = {
						CreatedOnToolsVersion = 12.4;
					};
					8233E2BA266DB7F700354A0F = {
						CreatedOnToolsVersion = 12.4;
						TestTargetID = 8233E2A4266DB7F100354A0F;
					};
					8233E2C5266DB7F800354A0F = {
						CreatedOnToolsVersion = 12.4;
						TestTargetID = 8233E2A4266DB7F100354A0F;
					};
				};
			};
			buildConfigurationList = 8233E2A0266DB7F100354A0F /* Build configuration list for PBXProject "DatePicker" */;
			compatibilityVersion = "Xcode 9.3";
			developmentRegion = en;
			hasScannedForEncodings = 0;
			knownRegions = (
				en,
				Base,
			);
			mainGroup = 8233E29C266DB7F100354A0F;
			productRefGroup = 8233E2A6266DB7F100354A0F /* Products */;
			projectDirPath = "";
			projectRoot = "";
			targets = (
				8233E2A4266DB7F100354A0F /* DatePicker */,
				8233E2BA266DB7F700354A0F /* DatePickerTests */,
				8233E2C5266DB7F800354A0F /* DatePickerUITests */,
			);
		};
/* End PBXProject section */

/* Begin PBXResourcesBuildPhase section */
		8233E2A3266DB7F100354A0F /* Resources */ = {
			isa = PBXResourcesBuildPhase;
			buildActionMask = 2147483647;
			files = (
				8233E2B5266DB7F600354A0F /* LaunchScreen.storyboard in Resources */,
				8233E2B2266DB7F600354A0F /* Assets.xcassets in Resources */,
				8233E2B0266DB7F100354A0F /* Main.storyboard in Resources */,
			);
			runOnlyForDeploymentPostprocessing = 0;
		};
		8233E2B9266DB7F700354A0F /* Resources */ = {
			isa = PBXResourcesBuildPhase;
			buildActionMask = 2147483647;
			files = (
			);
			runOnlyForDeploymentPostprocessing = 0;
		};
		8233E2C4266DB7F800354A0F /* Resources */ = {
			isa = PBXResourcesBuildPhase;
			buildActionMask = 2147483647;
			files = (
			);
			runOnlyForDeploymentPostprocessing = 0;
		};
/* End PBXResourcesBuildPhase section */

/* Begin PBXSourcesBuildPhase section */
		8233E2A1266DB7F100354A0F /* Sources */ = {
			isa = PBXSourcesBuildPhase;
			buildActionMask = 2147483647;
			files = (
				8233E2AD266DB7F100354A0F /* ViewController.swift in Sources */,
				8233E2A9266DB7F100354A0F /* AppDelegate.swift in Sources */,
				8233E2AB266DB7F100354A0F /* SceneDelegate.swift in Sources */,
			);
			runOnlyForDeploymentPostprocessing = 0;
		};
		8233E2B7266DB7F700354A0F /* Sources */ = {
			isa = PBXSourcesBuildPhase;
			buildActionMask = 2147483647;
			files = (
				8233E2C0266DB7F700354A0F /* DatePickerTests.swift in Sources */,
			);
			runOnlyForDeploymentPostprocessing = 0;
		};
		8233E2C2266DB7F800354A0F /* Sources */ = {
			isa = PBXSourcesBuildPhase;
			buildActionMask = 2147483647;
			files = (
				8233E2CB266DB7F800354A0F /* DatePickerUITests.swift in Sources */,
			);
			runOnlyForDeploymentPostprocessing = 0;
		};
/* End PBXSourcesBuildPhase section */

/* Begin PBXTargetDependency section */
		8233E2BD266DB7F700354A0F /* PBXTargetDependency */ = {
			isa = PBXTargetDependency;
			target = 8233E2A4266DB7F100354A0F /* DatePicker */;
			targetProxy = 8233E2BC266DB7F700354A0F /* PBXContainerItemProxy */;
		};
		8233E2C8266DB7F800354A0F /* PBXTargetDependency */ = {
			isa = PBXTargetDependency;
			target = 8233E2A4266DB7F100354A0F /* DatePicker */;
			targetProxy = 8233E2C7266DB7F800354A0F /* PBXContainerItemProxy */;
		};
/* End PBXTargetDependency section */

/* Begin PBXVariantGroup section */
		8233E2AE266DB7F100354A0F /* Main.storyboard */ = {
			isa = PBXVariantGroup;
			children = (
				8233E2AF266DB7F100354A0F /* Base */,
			);
			name = Main.storyboard;
			sourceTree = "<group>";
		};
		8233E2B3266DB7F600354A0F /* LaunchScreen.storyboard */ = {
			isa = PBXVariantGroup;
			children = (
				8233E2B4266DB7F600354A0F /* Base */,
			);
			name = LaunchScreen.storyboard;
			sourceTree = "<group>";
		};
/* End PBXVariantGroup section */

/* Begin XCBuildConfiguration section */
		8233E2CD266DB7F800354A0F /* Debug */ = {
			isa = XCBuildConfiguration;
			buildSettings = {
				ALWAYS_SEARCH_USER_PATHS = NO;
				CLANG_ANALYZER_NONNULL = YES;
				CLANG_ANALYZER_NUMBER_OBJECT_CONVERSION = YES_AGGRESSIVE;
				CLANG_CXX_LANGUAGE_STANDARD = "gnu++14";
				CLANG_CXX_LIBRARY = "libc++";
				CLANG_ENABLE_MODULES = YES;
				CLANG_ENABLE_OBJC_ARC = YES;
				CLANG_ENABLE_OBJC_WEAK = YES;
				CLANG_WARN_BLOCK_CAPTURE_AUTORELEASING = YES;
				CLANG_WARN_BOOL_CONVERSION = YES;
				CLANG_WARN_COMMA = YES;
				CLANG_WARN_CONSTANT_CONVERSION = YES;
				CLANG_WARN_DEPRECATED_OBJC_IMPLEMENTATIONS = YES;
				CLANG_WARN_DIRECT_OBJC_ISA_USAGE = YES_ERROR;
				CLANG_WARN_DOCUMENTATION_COMMENTS = YES;
				CLANG_WARN_EMPTY_BODY = YES;
				CLANG_WARN_ENUM_CONVERSION = YES;
				CLANG_WARN_INFINITE_RECURSION = YES;
				CLANG_WARN_INT_CONVERSION = YES;
				CLANG_WARN_NON_LITERAL_NULL_CONVERSION = YES;
				CLANG_WARN_OBJC_IMPLICIT_RETAIN_SELF = YES;
				CLANG_WARN_OBJC_LITERAL_CONVERSION = YES;
				CLANG_WARN_OBJC_ROOT_CLASS = YES_ERROR;
				CLANG_WARN_QUOTED_INCLUDE_IN_FRAMEWORK_HEADER = YES;
				CLANG_WARN_RANGE_LOOP_ANALYSIS = YES;
				CLANG_WARN_STRICT_PROTOTYPES = YES;
				CLANG_WARN_SUSPICIOUS_MOVE = YES;
				CLANG_WARN_UNGUARDED_AVAILABILITY = YES_AGGRESSIVE;
				CLANG_WARN_UNREACHABLE_CODE = YES;
				CLANG_WARN__DUPLICATE_METHOD_MATCH = YES;
				COPY_PHASE_STRIP = NO;
				DEBUG_INFORMATION_FORMAT = dwarf;
				ENABLE_STRICT_OBJC_MSGSEND = YES;
				ENABLE_TESTABILITY = YES;
				GCC_C_LANGUAGE_STANDARD = gnu11;
				GCC_DYNAMIC_NO_PIC = NO;
				GCC_NO_COMMON_BLOCKS = YES;
				GCC_OPTIMIZATION_LEVEL = 0;
				GCC_PREPROCESSOR_DEFINITIONS = (
					"DEBUG=1",
					"$(inherited)",
				);
				GCC_WARN_64_TO_32_BIT_CONVERSION = YES;
				GCC_WARN_ABOUT_RETURN_TYPE = YES_ERROR;
				GCC_WARN_UNDECLARED_SELECTOR = YES;
				GCC_WARN_UNINITIALIZED_AUTOS = YES_AGGRESSIVE;
				GCC_WARN_UNUSED_FUNCTION = YES;
				GCC_WARN_UNUSED_VARIABLE = YES;
				IPHONEOS_DEPLOYMENT_TARGET = 13.5;
				MTL_ENABLE_DEBUG_INFO = INCLUDE_SOURCE;
				MTL_FAST_MATH = YES;
				ONLY_ACTIVE_ARCH = YES;
				SDKROOT = iphoneos;
				SWIFT_ACTIVE_COMPILATION_CONDITIONS = DEBUG;
				SWIFT_OPTIMIZATION_LEVEL = "-Onone";
			};
			name = Debug;
		};
		8233E2CE266DB7F800354A0F /* Release */ = {
			isa = XCBuildConfiguration;
			buildSettings = {
				ALWAYS_SEARCH_USER_PATHS = NO;
				CLANG_ANALYZER_NONNULL = YES;
				CLANG_ANALYZER_NUMBER_OBJECT_CONVERSION = YES_AGGRESSIVE;
				CLANG_CXX_LANGUAGE_STANDARD = "gnu++14";
				CLANG_CXX_LIBRARY = "libc++";
				CLANG_ENABLE_MODULES = YES;
				CLANG_ENABLE_OBJC_ARC = YES;
				CLANG_ENABLE_OBJC_WEAK = YES;
				CLANG_WARN_BLOCK_CAPTURE_AUTORELEASING = YES;
				CLANG_WARN_BOOL_CONVERSION = YES;
				CLANG_WARN_COMMA = YES;
				CLANG_WARN_CONSTANT_CONVERSION = YES;
				CLANG_WARN_DEPRECATED_OBJC_IMPLEMENTATIONS = YES;
				CLANG_WARN_DIRECT_OBJC_ISA_USAGE = YES_ERROR;
				CLANG_WARN_DOCUMENTATION_COMMENTS = YES;
				CLANG_WARN_EMPTY_BODY = YES;
				CLANG_WARN_ENUM_CONVERSION = YES;
				CLANG_WARN_INFINITE_RECURSION = YES;
				CLANG_WARN_INT_CONVERSION = YES;
				CLANG_WARN_NON_LITERAL_NULL_CONVERSION = YES;
				CLANG_WARN_OBJC_IMPLICIT_RETAIN_SELF = YES;
				CLANG_WARN_OBJC_LITERAL_CONVERSION = YES;
				CLANG_WARN_OBJC_ROOT_CLASS = YES_ERROR;
				CLANG_WARN_QUOTED_INCLUDE_IN_FRAMEWORK_HEADER = YES;
				CLANG_WARN_RANGE_LOOP_ANALYSIS = YES;
				CLANG_WARN_STRICT_PROTOTYPES = YES;
				CLANG_WARN_SUSPICIOUS_MOVE = YES;
				CLANG_WARN_UNGUARDED_AVAILABILITY = YES_AGGRESSIVE;
				CLANG_WARN_UNREACHABLE_CODE = YES;
				CLANG_WARN__DUPLICATE_METHOD_MATCH = YES;
				COPY_PHASE_STRIP = NO;
				DEBUG_INFORMATION_FORMAT = "dwarf-with-dsym";
				ENABLE_NS_ASSERTIONS = NO;
				ENABLE_STRICT_OBJC_MSGSEND = YES;
				GCC_C_LANGUAGE_STANDARD = gnu11;
				GCC_NO_COMMON_BLOCKS = YES;
				GCC_WARN_64_TO_32_BIT_CONVERSION = YES;
				GCC_WARN_ABOUT_RETURN_TYPE = YES_ERROR;
				GCC_WARN_UNDECLARED_SELECTOR = YES;
				GCC_WARN_UNINITIALIZED_AUTOS = YES_AGGRESSIVE;
				GCC_WARN_UNUSED_FUNCTION = YES;
				GCC_WARN_UNUSED_VARIABLE = YES;
				IPHONEOS_DEPLOYMENT_TARGET = 13.5;
				MTL_ENABLE_DEBUG_INFO = NO;
				MTL_FAST_MATH = YES;
				SDKROOT = iphoneos;
				SWIFT_COMPILATION_MODE = wholemodule;
				SWIFT_OPTIMIZATION_LEVEL = "-O";
				VALIDATE_PRODUCT = YES;
			};
			name = Release;
		};
		8233E2D0266DB7F800354A0F /* Debug */ = {
			isa = XCBuildConfiguration;
			buildSettings = {
				ASSETCATALOG_COMPILER_APPICON_NAME = AppIcon;
				ASSETCATALOG_COMPILER_GLOBAL_ACCENT_COLOR_NAME = AccentColor;
				CODE_SIGN_STYLE = Automatic;
				CURRENT_PROJECT_VERSION = "1	";
				DEVELOPMENT_TEAM = DJTZM98RQ2;
				INFOPLIST_FILE = DatePicker/Info.plist;
				LD_RUNPATH_SEARCH_PATHS = (
					"$(inherited)",
					"@executable_path/Frameworks",
				);
				PRODUCT_BUNDLE_IDENTIFIER = edu.self.DatePicker;
				PRODUCT_NAME = "$(TARGET_NAME)";
				SWIFT_VERSION = 5.0;
				TARGETED_DEVICE_FAMILY = "1,2";
			};
			name = Debug;
		};
		8233E2D1266DB7F800354A0F /* Release */ = {
			isa = XCBuildConfiguration;
			buildSettings = {
				ASSETCATALOG_COMPILER_APPICON_NAME = AppIcon;
				ASSETCATALOG_COMPILER_GLOBAL_ACCENT_COLOR_NAME = AccentColor;
				CODE_SIGN_STYLE = Automatic;
				CURRENT_PROJECT_VERSION = "1	";
				DEVELOPMENT_TEAM = DJTZM98RQ2;
				INFOPLIST_FILE = DatePicker/Info.plist;
				LD_RUNPATH_SEARCH_PATHS = (
					"$(inherited)",
					"@executable_path/Frameworks",
				);
				PRODUCT_BUNDLE_IDENTIFIER = edu.self.DatePicker;
				PRODUCT_NAME = "$(TARGET_NAME)";
				SWIFT_VERSION = 5.0;
				TARGETED_DEVICE_FAMILY = "1,2";
			};
			name = Release;
		};
		8233E2D3266DB7F800354A0F /* Debug */ = {
			isa = XCBuildConfiguration;
			buildSettings = {
				ALWAYS_EMBED_SWIFT_STANDARD_LIBRARIES = YES;
				BUNDLE_LOADER = "$(TEST_HOST)";
				CODE_SIGN_STYLE = Automatic;
				DEVELOPMENT_TEAM = DJTZM98RQ2;
				INFOPLIST_FILE = DatePickerTests/Info.plist;
				IPHONEOS_DEPLOYMENT_TARGET = 14.4;
				LD_RUNPATH_SEARCH_PATHS = (
					"$(inherited)",
					"@executable_path/Frameworks",
					"@loader_path/Frameworks",
				);
				PRODUCT_BUNDLE_IDENTIFIER = edu.self.DatePickerTests;
				PRODUCT_NAME = "$(TARGET_NAME)";
				SWIFT_VERSION = 5.0;
				TARGETED_DEVICE_FAMILY = "1,2";
				TEST_HOST = "$(BUILT_PRODUCTS_DIR)/DatePicker.app/DatePicker";
			};
			name = Debug;
		};
		8233E2D4266DB7F800354A0F /* Release */ = {
			isa = XCBuildConfiguration;
			buildSettings = {
				ALWAYS_EMBED_SWIFT_STANDARD_LIBRARIES = YES;
				BUNDLE_LOADER = "$(TEST_HOST)";
				CODE_SIGN_STYLE = Automatic;
				DEVELOPMENT_TEAM = DJTZM98RQ2;
				INFOPLIST_FILE = DatePickerTests/Info.plist;
				IPHONEOS_DEPLOYMENT_TARGET = 14.4;
				LD_RUNPATH_SEARCH_PATHS = (
					"$(inherited)",
					"@executable_path/Frameworks",
					"@loader_path/Frameworks",
				);
				PRODUCT_BUNDLE_IDENTIFIER = edu.self.DatePickerTests;
				PRODUCT_NAME = "$(TARGET_NAME)";
				SWIFT_VERSION = 5.0;
				TARGETED_DEVICE_FAMILY = "1,2";
				TEST_HOST = "$(BUILT_PRODUCTS_DIR)/DatePicker.app/DatePicker";
			};
			name = Release;
		};
		8233E2D6266DB7F800354A0F /* Debug */ = {
			isa = XCBuildConfiguration;
			buildSettings = {
				ALWAYS_EMBED_SWIFT_STANDARD_LIBRARIES = YES;
				CODE_SIGN_STYLE = Automatic;
				DEVELOPMENT_TEAM = DJTZM98RQ2;
				INFOPLIST_FILE = DatePickerUITests/Info.plist;
				LD_RUNPATH_SEARCH_PATHS = (
					"$(inherited)",
					"@executable_path/Frameworks",
					"@loader_path/Frameworks",
				);
				PRODUCT_BUNDLE_IDENTIFIER = edu.self.DatePickerUITests;
				PRODUCT_NAME = "$(TARGET_NAME)";
				SWIFT_VERSION = 5.0;
				TARGETED_DEVICE_FAMILY = "1,2";
				TEST_TARGET_NAME = DatePicker;
			};
			name = Debug;
		};
		8233E2D7266DB7F800354A0F /* Release */ = {
			isa = XCBuildConfiguration;
			buildSettings = {
				ALWAYS_EMBED_SWIFT_STANDARD_LIBRARIES = YES;
				CODE_SIGN_STYLE = Automatic;
				DEVELOPMENT_TEAM = DJTZM98RQ2;
				INFOPLIST_FILE = DatePickerUITests/Info.plist;
				LD_RUNPATH_SEARCH_PATHS = (
					"$(inherited)",
					"@executable_path/Frameworks",
					"@loader_path/Frameworks",
				);
				PRODUCT_BUNDLE_IDENTIFIER = edu.self.DatePickerUITests;
				PRODUCT_NAME = "$(TARGET_NAME)";
				SWIFT_VERSION = 5.0;
				TARGETED_DEVICE_FAMILY = "1,2";
				TEST_TARGET_NAME = DatePicker;
			};
			name = Release;
		};
/* End XCBuildConfiguration section */

/* Begin XCConfigurationList section */
		8233E2A0266DB7F100354A0F /* Build configuration list for PBXProject "DatePicker" */ = {
			isa = XCConfigurationList;
			buildConfigurations = (
				8233E2CD266DB7F800354A0F /* Debug */,
				8233E2CE266DB7F800354A0F /* Release */,
			);
			defaultConfigurationIsVisible = 0;
			defaultConfigurationName = Release;
		};
		8233E2CF266DB7F800354A0F /* Build configuration list for PBXNativeTarget "DatePicker" */ = {
			isa = XCConfigurationList;
			buildConfigurations = (
				8233E2D0266DB7F800354A0F /* Debug */,
				8233E2D1266DB7F800354A0F /* Release */,
			);
			defaultConfigurationIsVisible = 0;
			defaultConfigurationName = Release;
		};
		8233E2D2266DB7F800354A0F /* Build configuration list for PBXNativeTarget "DatePickerTests" */ = {
			isa = XCConfigurationList;
			buildConfigurations = (
				8233E2D3266DB7F800354A0F /* Debug */,
				8233E2D4266DB7F800354A0F /* Release */,
			);
			defaultConfigurationIsVisible = 0;
			defaultConfigurationName = Release;
		};
		8233E2D5266DB7F800354A0F /* Build configuration list for PBXNativeTarget "DatePickerUITests" */ = {
			isa = XCConfigurationList;
			buildConfigurations = (
				8233E2D6266DB7F800354A0F /* Debug */,
				8233E2D7266DB7F800354A0F /* Release */,
			);
			defaultConfigurationIsVisible = 0;
			defaultConfigurationName = Release;
		};
/* End XCConfigurationList section */
	};
	rootObject = 8233E29D266DB7F100354A0F /* Project object */;
}
