// !$*UTF8*$!
{
	archiveVersion = 1;
	classes = {
	};
	objectVersion = 50;
	objects = {

/* Begin PBXBuildFile section */
		F67C4B3A26AA6930007B9CBC /* AppDelegate.swift in Sources */ = {isa = PBXBuildFile; fileRef = F67C4B3926AA6930007B9CBC /* AppDelegate.swift */; };
		F67C4B3C26AA6930007B9CBC /* SceneDelegate.swift in Sources */ = {isa = PBXBuildFile; fileRef = F67C4B3B26AA6930007B9CBC /* SceneDelegate.swift */; };
		F67C4B3E26AA6930007B9CBC /* ViewController.swift in Sources */ = {isa = PBXBuildFile; fileRef = F67C4B3D26AA6930007B9CBC /* ViewController.swift */; };
		F67C4B4126AA6930007B9CBC /* Main.storyboard in Resources */ = {isa = PBXBuildFile; fileRef = F67C4B3F26AA6930007B9CBC /* Main.storyboard */; };
		F67C4B4326AA6933007B9CBC /* Assets.xcassets in Resources */ = {isa = PBXBuildFile; fileRef = F67C4B4226AA6933007B9CBC /* Assets.xcassets */; };
		F67C4B4626AA6933007B9CBC /* LaunchScreen.storyboard in Resources */ = {isa = PBXBuildFile; fileRef = F67C4B4426AA6933007B9CBC /* LaunchScreen.storyboard */; };
		F67C4B5126AA6933007B9CBC /* iBeacontestTests.swift in Sources */ = {isa = PBXBuildFile; fileRef = F67C4B5026AA6933007B9CBC /* iBeacontestTests.swift */; };
		F67C4B5C26AA6933007B9CBC /* iBeacontestUITests.swift in Sources */ = {isa = PBXBuildFile; fileRef = F67C4B5B26AA6933007B9CBC /* iBeacontestUITests.swift */; };
/* End PBXBuildFile section */

/* Begin PBXContainerItemProxy section */
		F67C4B4D26AA6933007B9CBC /* PBXContainerItemProxy */ = {
			isa = PBXContainerItemProxy;
			containerPortal = F67C4B2E26AA6930007B9CBC /* Project object */;
			proxyType = 1;
			remoteGlobalIDString = F67C4B3526AA6930007B9CBC;
			remoteInfo = iBeacontest;
		};
		F67C4B5826AA6933007B9CBC /* PBXContainerItemProxy */ = {
			isa = PBXContainerItemProxy;
			containerPortal = F67C4B2E26AA6930007B9CBC /* Project object */;
			proxyType = 1;
			remoteGlobalIDString = F67C4B3526AA6930007B9CBC;
			remoteInfo = iBeacontest;
		};
/* End PBXContainerItemProxy section */

/* Begin PBXFileReference section */
		F67C4B3626AA6930007B9CBC /* iBeacontest.app */ = {isa = PBXFileReference; explicitFileType = wrapper.application; includeInIndex = 0; path = iBeacontest.app; sourceTree = BUILT_PRODUCTS_DIR; };
		F67C4B3926AA6930007B9CBC /* AppDelegate.swift */ = {isa = PBXFileReference; lastKnownFileType = sourcecode.swift; path = AppDelegate.swift; sourceTree = "<group>"; };
		F67C4B3B26AA6930007B9CBC /* SceneDelegate.swift */ = {isa = PBXFileReference; lastKnownFileType = sourcecode.swift; path = SceneDelegate.swift; sourceTree = "<group>"; };
		F67C4B3D26AA6930007B9CBC /* ViewController.swift */ = {isa = PBXFileReference; lastKnownFileType = sourcecode.swift; path = ViewController.swift; sourceTree = "<group>"; };
		F67C4B4026AA6930007B9CBC /* Base */ = {isa = PBXFileReference; lastKnownFileType = file.storyboard; name = Base; path = Base.lproj/Main.storyboard; sourceTree = "<group>"; };
		F67C4B4226AA6933007B9CBC /* Assets.xcassets */ = {isa = PBXFileReference; lastKnownFileType = folder.assetcatalog; path = Assets.xcassets; sourceTree = "<group>"; };
		F67C4B4526AA6933007B9CBC /* Base */ = {isa = PBXFileReference; lastKnownFileType = file.storyboard; name = Base; path = Base.lproj/LaunchScreen.storyboard; sourceTree = "<group>"; };
		F67C4B4726AA6933007B9CBC /* Info.plist */ = {isa = PBXFileReference; lastKnownFileType = text.plist.xml; path = Info.plist; sourceTree = "<group>"; };
		F67C4B4C26AA6933007B9CBC /* iBeacontestTests.xctest */ = {isa = PBXFileReference; explicitFileType = wrapper.cfbundle; includeInIndex = 0; path = iBeacontestTests.xctest; sourceTree = BUILT_PRODUCTS_DIR; };
		F67C4B5026AA6933007B9CBC /* iBeacontestTests.swift */ = {isa = PBXFileReference; lastKnownFileType = sourcecode.swift; path = iBeacontestTests.swift; sourceTree = "<group>"; };
		F67C4B5226AA6933007B9CBC /* Info.plist */ = {isa = PBXFileReference; lastKnownFileType = text.plist.xml; path = Info.plist; sourceTree = "<group>"; };
		F67C4B5726AA6933007B9CBC /* iBeacontestUITests.xctest */ = {isa = PBXFileReference; explicitFileType = wrapper.cfbundle; includeInIndex = 0; path = iBeacontestUITests.xctest; sourceTree = BUILT_PRODUCTS_DIR; };
		F67C4B5B26AA6933007B9CBC /* iBeacontestUITests.swift */ = {isa = PBXFileReference; lastKnownFileType = sourcecode.swift; path = iBeacontestUITests.swift; sourceTree = "<group>"; };
		F67C4B5D26AA6933007B9CBC /* Info.plist */ = {isa = PBXFileReference; lastKnownFileType = text.plist.xml; path = Info.plist; sourceTree = "<group>"; };
/* End PBXFileReference section */

/* Begin PBXFrameworksBuildPhase section */
		F67C4B3326AA6930007B9CBC /* Frameworks */ = {
			isa = PBXFrameworksBuildPhase;
			buildActionMask = 2147483647;
			files = (
			);
			runOnlyForDeploymentPostprocessing = 0;
		};
		F67C4B4926AA6933007B9CBC /* Frameworks */ = {
			isa = PBXFrameworksBuildPhase;
			buildActionMask = 2147483647;
			files = (
			);
			runOnlyForDeploymentPostprocessing = 0;
		};
		F67C4B5426AA6933007B9CBC /* Frameworks */ = {
			isa = PBXFrameworksBuildPhase;
			buildActionMask = 2147483647;
			files = (
			);
			runOnlyForDeploymentPostprocessing = 0;
		};
/* End PBXFrameworksBuildPhase section */

/* Begin PBXGroup section */
		F67C4B2D26AA6930007B9CBC = {
			isa = PBXGroup;
			children = (
				F67C4B3826AA6930007B9CBC /* iBeacontest */,
				F67C4B4F26AA6933007B9CBC /* iBeacontestTests */,
				F67C4B5A26AA6933007B9CBC /* iBeacontestUITests */,
				F67C4B3726AA6930007B9CBC /* Products */,
			);
			sourceTree = "<group>";
		};
		F67C4B3726AA6930007B9CBC /* Products */ = {
			isa = PBXGroup;
			children = (
				F67C4B3626AA6930007B9CBC /* iBeacontest.app */,
				F67C4B4C26AA6933007B9CBC /* iBeacontestTests.xctest */,
				F67C4B5726AA6933007B9CBC /* iBeacontestUITests.xctest */,
			);
			name = Products;
			sourceTree = "<group>";
		};
		F67C4B3826AA6930007B9CBC /* iBeacontest */ = {
			isa = PBXGroup;
			children = (
				F67C4B3926AA6930007B9CBC /* AppDelegate.swift */,
				F67C4B3B26AA6930007B9CBC /* SceneDelegate.swift */,
				F67C4B3D26AA6930007B9CBC /* ViewController.swift */,
				F67C4B3F26AA6930007B9CBC /* Main.storyboard */,
				F67C4B4226AA6933007B9CBC /* Assets.xcassets */,
				F67C4B4426AA6933007B9CBC /* LaunchScreen.storyboard */,
				F67C4B4726AA6933007B9CBC /* Info.plist */,
			);
			path = iBeacontest;
			sourceTree = "<group>";
		};
		F67C4B4F26AA6933007B9CBC /* iBeacontestTests */ = {
			isa = PBXGroup;
			children = (
				F67C4B5026AA6933007B9CBC /* iBeacontestTests.swift */,
				F67C4B5226AA6933007B9CBC /* Info.plist */,
			);
			path = iBeacontestTests;
			sourceTree = "<group>";
		};
		F67C4B5A26AA6933007B9CBC /* iBeacontestUITests */ = {
			isa = PBXGroup;
			children = (
				F67C4B5B26AA6933007B9CBC /* iBeacontestUITests.swift */,
				F67C4B5D26AA6933007B9CBC /* Info.plist */,
			);
			path = iBeacontestUITests;
			sourceTree = "<group>";
		};
/* End PBXGroup section */

/* Begin PBXNativeTarget section */
		F67C4B3526AA6930007B9CBC /* iBeacontest */ = {
			isa = PBXNativeTarget;
			buildConfigurationList = F67C4B6026AA6933007B9CBC /* Build configuration list for PBXNativeTarget "iBeacontest" */;
			buildPhases = (
				F67C4B3226AA6930007B9CBC /* Sources */,
				F67C4B3326AA6930007B9CBC /* Frameworks */,
				F67C4B3426AA6930007B9CBC /* Resources */,
			);
			buildRules = (
			);
			dependencies = (
			);
			name = iBeacontest;
			productName = iBeacontest;
			productReference = F67C4B3626AA6930007B9CBC /* iBeacontest.app */;
			productType = "com.apple.product-type.application";
		};
		F67C4B4B26AA6933007B9CBC /* iBeacontestTests */ = {
			isa = PBXNativeTarget;
			buildConfigurationList = F67C4B6326AA6933007B9CBC /* Build configuration list for PBXNativeTarget "iBeacontestTests" */;
			buildPhases = (
				F67C4B4826AA6933007B9CBC /* Sources */,
				F67C4B4926AA6933007B9CBC /* Frameworks */,
				F67C4B4A26AA6933007B9CBC /* Resources */,
			);
			buildRules = (
			);
			dependencies = (
				F67C4B4E26AA6933007B9CBC /* PBXTargetDependency */,
			);
			name = iBeacontestTests;
			productName = iBeacontestTests;
			productReference = F67C4B4C26AA6933007B9CBC /* iBeacontestTests.xctest */;
			productType = "com.apple.product-type.bundle.unit-test";
		};
		F67C4B5626AA6933007B9CBC /* iBeacontestUITests */ = {
			isa = PBXNativeTarget;
			buildConfigurationList = F67C4B6626AA6933007B9CBC /* Build configuration list for PBXNativeTarget "iBeacontestUITests" */;
			buildPhases = (
				F67C4B5326AA6933007B9CBC /* Sources */,
				F67C4B5426AA6933007B9CBC /* Frameworks */,
				F67C4B5526AA6933007B9CBC /* Resources */,
			);
			buildRules = (
			);
			dependencies = (
				F67C4B5926AA6933007B9CBC /* PBXTargetDependency */,
			);
			name = iBeacontestUITests;
			productName = iBeacontestUITests;
			productReference = F67C4B5726AA6933007B9CBC /* iBeacontestUITests.xctest */;
			productType = "com.apple.product-type.bundle.ui-testing";
		};
/* End PBXNativeTarget section */

/* Begin PBXProject section */
		F67C4B2E26AA6930007B9CBC /* Project object */ = {
			isa = PBXProject;
			attributes = {
				LastSwiftUpdateCheck = 1250;
				LastUpgradeCheck = 1250;
				TargetAttributes = {
					F67C4B3526AA6930007B9CBC = {
						CreatedOnToolsVersion = 12.5.1;
					};
					F67C4B4B26AA6933007B9CBC = {
						CreatedOnToolsVersion = 12.5.1;
						TestTargetID = F67C4B3526AA6930007B9CBC;
					};
					F67C4B5626AA6933007B9CBC = {
						CreatedOnToolsVersion = 12.5.1;
						TestTargetID = F67C4B3526AA6930007B9CBC;
					};
				};
			};
			buildConfigurationList = F67C4B3126AA6930007B9CBC /* Build configuration list for PBXProject "iBeacontest" */;
			compatibilityVersion = "Xcode 9.3";
			developmentRegion = en;
			hasScannedForEncodings = 0;
			knownRegions = (
				en,
				Base,
			);
			mainGroup = F67C4B2D26AA6930007B9CBC;
			productRefGroup = F67C4B3726AA6930007B9CBC /* Products */;
			projectDirPath = "";
			projectRoot = "";
			targets = (
				F67C4B3526AA6930007B9CBC /* iBeacontest */,
				F67C4B4B26AA6933007B9CBC /* iBeacontestTests */,
				F67C4B5626AA6933007B9CBC /* iBeacontestUITests */,
			);
		};
/* End PBXProject section */

/* Begin PBXResourcesBuildPhase section */
		F67C4B3426AA6930007B9CBC /* Resources */ = {
			isa = PBXResourcesBuildPhase;
			buildActionMask = 2147483647;
			files = (
				F67C4B4626AA6933007B9CBC /* LaunchScreen.storyboard in Resources */,
				F67C4B4326AA6933007B9CBC /* Assets.xcassets in Resources */,
				F67C4B4126AA6930007B9CBC /* Main.storyboard in Resources */,
			);
			runOnlyForDeploymentPostprocessing = 0;
		};
		F67C4B4A26AA6933007B9CBC /* Resources */ = {
			isa = PBXResourcesBuildPhase;
			buildActionMask = 2147483647;
			files = (
			);
			runOnlyForDeploymentPostprocessing = 0;
		};
		F67C4B5526AA6933007B9CBC /* Resources */ = {
			isa = PBXResourcesBuildPhase;
			buildActionMask = 2147483647;
			files = (
			);
			runOnlyForDeploymentPostprocessing = 0;
		};
/* End PBXResourcesBuildPhase section */

/* Begin PBXSourcesBuildPhase section */
		F67C4B3226AA6930007B9CBC /* Sources */ = {
			isa = PBXSourcesBuildPhase;
			buildActionMask = 2147483647;
			files = (
				F67C4B3E26AA6930007B9CBC /* ViewController.swift in Sources */,
				F67C4B3A26AA6930007B9CBC /* AppDelegate.swift in Sources */,
				F67C4B3C26AA6930007B9CBC /* SceneDelegate.swift in Sources */,
			);
			runOnlyForDeploymentPostprocessing = 0;
		};
		F67C4B4826AA6933007B9CBC /* Sources */ = {
			isa = PBXSourcesBuildPhase;
			buildActionMask = 2147483647;
			files = (
				F67C4B5126AA6933007B9CBC /* iBeacontestTests.swift in Sources */,
			);
			runOnlyForDeploymentPostprocessing = 0;
		};
		F67C4B5326AA6933007B9CBC /* Sources */ = {
			isa = PBXSourcesBuildPhase;
			buildActionMask = 2147483647;
			files = (
				F67C4B5C26AA6933007B9CBC /* iBeacontestUITests.swift in Sources */,
			);
			runOnlyForDeploymentPostprocessing = 0;
		};
/* End PBXSourcesBuildPhase section */

/* Begin PBXTargetDependency section */
		F67C4B4E26AA6933007B9CBC /* PBXTargetDependency */ = {
			isa = PBXTargetDependency;
			target = F67C4B3526AA6930007B9CBC /* iBeacontest */;
			targetProxy = F67C4B4D26AA6933007B9CBC /* PBXContainerItemProxy */;
		};
		F67C4B5926AA6933007B9CBC /* PBXTargetDependency */ = {
			isa = PBXTargetDependency;
			target = F67C4B3526AA6930007B9CBC /* iBeacontest */;
			targetProxy = F67C4B5826AA6933007B9CBC /* PBXContainerItemProxy */;
		};
/* End PBXTargetDependency section */

/* Begin PBXVariantGroup section */
		F67C4B3F26AA6930007B9CBC /* Main.storyboard */ = {
			isa = PBXVariantGroup;
			children = (
				F67C4B4026AA6930007B9CBC /* Base */,
			);
			name = Main.storyboard;
			sourceTree = "<group>";
		};
		F67C4B4426AA6933007B9CBC /* LaunchScreen.storyboard */ = {
			isa = PBXVariantGroup;
			children = (
				F67C4B4526AA6933007B9CBC /* Base */,
			);
			name = LaunchScreen.storyboard;
			sourceTree = "<group>";
		};
/* End PBXVariantGroup section */

/* Begin XCBuildConfiguration section */
		F67C4B5E26AA6933007B9CBC /* Debug */ = {
			isa = XCBuildConfiguration;
			buildSettings = {
				ALWAYS_SEARCH_USER_PATHS = NO;
				CLANG_ANALYZER_NONNULL = YES;
				CLANG_ANALYZER_NUMBER_OBJECT_CONVERSION = YES_AGGRESSIVE;
				CLANG_CXX_LANGUAGE_STANDARD = "gnu++14";
				CLANG_CXX_LIBRARY = "libc++";
				CLANG_ENABLE_MODULES = YES;
				CLANG_ENABLE_OBJC_ARC = YES;
				CLANG_ENABLE_OBJC_WEAK = YES;
				CLANG_WARN_BLOCK_CAPTURE_AUTORELEASING = YES;
				CLANG_WARN_BOOL_CONVERSION = YES;
				CLANG_WARN_COMMA = YES;
				CLANG_WARN_CONSTANT_CONVERSION = YES;
				CLANG_WARN_DEPRECATED_OBJC_IMPLEMENTATIONS = YES;
				CLANG_WARN_DIRECT_OBJC_ISA_USAGE = YES_ERROR;
				CLANG_WARN_DOCUMENTATION_COMMENTS = YES;
				CLANG_WARN_EMPTY_BODY = YES;
				CLANG_WARN_ENUM_CONVERSION = YES;
				CLANG_WARN_INFINITE_RECURSION = YES;
				CLANG_WARN_INT_CONVERSION = YES;
				CLANG_WARN_NON_LITERAL_NULL_CONVERSION = YES;
				CLANG_WARN_OBJC_IMPLICIT_RETAIN_SELF = YES;
				CLANG_WARN_OBJC_LITERAL_CONVERSION = YES;
				CLANG_WARN_OBJC_ROOT_CLASS = YES_ERROR;
				CLANG_WARN_QUOTED_INCLUDE_IN_FRAMEWORK_HEADER = YES;
				CLANG_WARN_RANGE_LOOP_ANALYSIS = YES;
				CLANG_WARN_STRICT_PROTOTYPES = YES;
				CLANG_WARN_SUSPICIOUS_MOVE = YES;
				CLANG_WARN_UNGUARDED_AVAILABILITY = YES_AGGRESSIVE;
				CLANG_WARN_UNREACHABLE_CODE = YES;
				CLANG_WARN__DUPLICATE_METHOD_MATCH = YES;
				COPY_PHASE_STRIP = NO;
				DEBUG_INFORMATION_FORMAT = dwarf;
				ENABLE_STRICT_OBJC_MSGSEND = YES;
				ENABLE_TESTABILITY = YES;
				GCC_C_LANGUAGE_STANDARD = gnu11;
				GCC_DYNAMIC_NO_PIC = NO;
				GCC_NO_COMMON_BLOCKS = YES;
				GCC_OPTIMIZATION_LEVEL = 0;
				GCC_PREPROCESSOR_DEFINITIONS = (
					"DEBUG=1",
					"$(inherited)",
				);
				GCC_WARN_64_TO_32_BIT_CONVERSION = YES;
				GCC_WARN_ABOUT_RETURN_TYPE = YES_ERROR;
				GCC_WARN_UNDECLARED_SELECTOR = YES;
				GCC_WARN_UNINITIALIZED_AUTOS = YES_AGGRESSIVE;
				GCC_WARN_UNUSED_FUNCTION = YES;
				GCC_WARN_UNUSED_VARIABLE = YES;
				IPHONEOS_DEPLOYMENT_TARGET = 13.2;
				MTL_ENABLE_DEBUG_INFO = INCLUDE_SOURCE;
				MTL_FAST_MATH = YES;
				ONLY_ACTIVE_ARCH = YES;
				SDKROOT = iphoneos;
				SWIFT_ACTIVE_COMPILATION_CONDITIONS = DEBUG;
				SWIFT_OPTIMIZATION_LEVEL = "-Onone";
			};
			name = Debug;
		};
		F67C4B5F26AA6933007B9CBC /* Release */ = {
			isa = XCBuildConfiguration;
			buildSettings = {
				ALWAYS_SEARCH_USER_PATHS = NO;
				CLANG_ANALYZER_NONNULL = YES;
				CLANG_ANALYZER_NUMBER_OBJECT_CONVERSION = YES_AGGRESSIVE;
				CLANG_CXX_LANGUAGE_STANDARD = "gnu++14";
				CLANG_CXX_LIBRARY = "libc++";
				CLANG_ENABLE_MODULES = YES;
				CLANG_ENABLE_OBJC_ARC = YES;
				CLANG_ENABLE_OBJC_WEAK = YES;
				CLANG_WARN_BLOCK_CAPTURE_AUTORELEASING = YES;
				CLANG_WARN_BOOL_CONVERSION = YES;
				CLANG_WARN_COMMA = YES;
				CLANG_WARN_CONSTANT_CONVERSION = YES;
				CLANG_WARN_DEPRECATED_OBJC_IMPLEMENTATIONS = YES;
				CLANG_WARN_DIRECT_OBJC_ISA_USAGE = YES_ERROR;
				CLANG_WARN_DOCUMENTATION_COMMENTS = YES;
				CLANG_WARN_EMPTY_BODY = YES;
				CLANG_WARN_ENUM_CONVERSION = YES;
				CLANG_WARN_INFINITE_RECURSION = YES;
				CLANG_WARN_INT_CONVERSION = YES;
				CLANG_WARN_NON_LITERAL_NULL_CONVERSION = YES;
				CLANG_WARN_OBJC_IMPLICIT_RETAIN_SELF = YES;
				CLANG_WARN_OBJC_LITERAL_CONVERSION = YES;
				CLANG_WARN_OBJC_ROOT_CLASS = YES_ERROR;
				CLANG_WARN_QUOTED_INCLUDE_IN_FRAMEWORK_HEADER = YES;
				CLANG_WARN_RANGE_LOOP_ANALYSIS = YES;
				CLANG_WARN_STRICT_PROTOTYPES = YES;
				CLANG_WARN_SUSPICIOUS_MOVE = YES;
				CLANG_WARN_UNGUARDED_AVAILABILITY = YES_AGGRESSIVE;
				CLANG_WARN_UNREACHABLE_CODE = YES;
				CLANG_WARN__DUPLICATE_METHOD_MATCH = YES;
				COPY_PHASE_STRIP = NO;
				DEBUG_INFORMATION_FORMAT = "dwarf-with-dsym";
				ENABLE_NS_ASSERTIONS = NO;
				ENABLE_STRICT_OBJC_MSGSEND = YES;
				GCC_C_LANGUAGE_STANDARD = gnu11;
				GCC_NO_COMMON_BLOCKS = YES;
				GCC_WARN_64_TO_32_BIT_CONVERSION = YES;
				GCC_WARN_ABOUT_RETURN_TYPE = YES_ERROR;
				GCC_WARN_UNDECLARED_SELECTOR = YES;
				GCC_WARN_UNINITIALIZED_AUTOS = YES_AGGRESSIVE;
				GCC_WARN_UNUSED_FUNCTION = YES;
				GCC_WARN_UNUSED_VARIABLE = YES;
				IPHONEOS_DEPLOYMENT_TARGET = 13.2;
				MTL_ENABLE_DEBUG_INFO = NO;
				MTL_FAST_MATH = YES;
				SDKROOT = iphoneos;
				SWIFT_COMPILATION_MODE = wholemodule;
				SWIFT_OPTIMIZATION_LEVEL = "-O";
				VALIDATE_PRODUCT = YES;
			};
			name = Release;
		};
		F67C4B6126AA6933007B9CBC /* Debug */ = {
			isa = XCBuildConfiguration;
			buildSettings = {
				ASSETCATALOG_COMPILER_APPICON_NAME = AppIcon;
				ASSETCATALOG_COMPILER_GLOBAL_ACCENT_COLOR_NAME = AccentColor;
				CODE_SIGN_STYLE = Automatic;
				DEVELOPMENT_TEAM = 34WF485QGG;
				INFOPLIST_FILE = iBeacontest/Info.plist;
				LD_RUNPATH_SEARCH_PATHS = (
					"$(inherited)",
					"@executable_path/Frameworks",
				);
				PRODUCT_BUNDLE_IDENTIFIER = edu.myself.iBeacontest;
				PRODUCT_NAME = "$(TARGET_NAME)";
				SWIFT_VERSION = 5.0;
				TARGETED_DEVICE_FAMILY = "1,2";
			};
			name = Debug;
		};
		F67C4B6226AA6933007B9CBC /* Release */ = {
			isa = XCBuildConfiguration;
			buildSettings = {
				ASSETCATALOG_COMPILER_APPICON_NAME = AppIcon;
				ASSETCATALOG_COMPILER_GLOBAL_ACCENT_COLOR_NAME = AccentColor;
				CODE_SIGN_STYLE = Automatic;
				DEVELOPMENT_TEAM = 34WF485QGG;
				INFOPLIST_FILE = iBeacontest/Info.plist;
				LD_RUNPATH_SEARCH_PATHS = (
					"$(inherited)",
					"@executable_path/Frameworks",
				);
				PRODUCT_BUNDLE_IDENTIFIER = edu.myself.iBeacontest;
				PRODUCT_NAME = "$(TARGET_NAME)";
				SWIFT_VERSION = 5.0;
				TARGETED_DEVICE_FAMILY = "1,2";
			};
			name = Release;
		};
		F67C4B6426AA6933007B9CBC /* Debug */ = {
			isa = XCBuildConfiguration;
			buildSettings = {
				ALWAYS_EMBED_SWIFT_STANDARD_LIBRARIES = YES;
				BUNDLE_LOADER = "$(TEST_HOST)";
				CODE_SIGN_STYLE = Automatic;
				DEVELOPMENT_TEAM = 34WF485QGG;
				INFOPLIST_FILE = iBeacontestTests/Info.plist;
				IPHONEOS_DEPLOYMENT_TARGET = 14.5;
				LD_RUNPATH_SEARCH_PATHS = (
					"$(inherited)",
					"@executable_path/Frameworks",
					"@loader_path/Frameworks",
				);
				PRODUCT_BUNDLE_IDENTIFIER = edu.myself.iBeacontestTests;
				PRODUCT_NAME = "$(TARGET_NAME)";
				SWIFT_VERSION = 5.0;
				TARGETED_DEVICE_FAMILY = "1,2";
				TEST_HOST = "$(BUILT_PRODUCTS_DIR)/iBeacontest.app/iBeacontest";
			};
			name = Debug;
		};
		F67C4B6526AA6933007B9CBC /* Release */ = {
			isa = XCBuildConfiguration;
			buildSettings = {
				ALWAYS_EMBED_SWIFT_STANDARD_LIBRARIES = YES;
				BUNDLE_LOADER = "$(TEST_HOST)";
				CODE_SIGN_STYLE = Automatic;
				DEVELOPMENT_TEAM = 34WF485QGG;
				INFOPLIST_FILE = iBeacontestTests/Info.plist;
				IPHONEOS_DEPLOYMENT_TARGET = 14.5;
				LD_RUNPATH_SEARCH_PATHS = (
					"$(inherited)",
					"@executable_path/Frameworks",
					"@loader_path/Frameworks",
				);
				PRODUCT_BUNDLE_IDENTIFIER = edu.myself.iBeacontestTests;
				PRODUCT_NAME = "$(TARGET_NAME)";
				SWIFT_VERSION = 5.0;
				TARGETED_DEVICE_FAMILY = "1,2";
				TEST_HOST = "$(BUILT_PRODUCTS_DIR)/iBeacontest.app/iBeacontest";
			};
			name = Release;
		};
		F67C4B6726AA6933007B9CBC /* Debug */ = {
			isa = XCBuildConfiguration;
			buildSettings = {
				ALWAYS_EMBED_SWIFT_STANDARD_LIBRARIES = YES;
				CODE_SIGN_STYLE = Automatic;
				DEVELOPMENT_TEAM = 34WF485QGG;
				INFOPLIST_FILE = iBeacontestUITests/Info.plist;
				LD_RUNPATH_SEARCH_PATHS = (
					"$(inherited)",
					"@executable_path/Frameworks",
					"@loader_path/Frameworks",
				);
				PRODUCT_BUNDLE_IDENTIFIER = edu.myself.iBeacontestUITests;
				PRODUCT_NAME = "$(TARGET_NAME)";
				SWIFT_VERSION = 5.0;
				TARGETED_DEVICE_FAMILY = "1,2";
				TEST_TARGET_NAME = iBeacontest;
			};
			name = Debug;
		};
		F67C4B6826AA6933007B9CBC /* Release */ = {
			isa = XCBuildConfiguration;
			buildSettings = {
				ALWAYS_EMBED_SWIFT_STANDARD_LIBRARIES = YES;
				CODE_SIGN_STYLE = Automatic;
				DEVELOPMENT_TEAM = 34WF485QGG;
				INFOPLIST_FILE = iBeacontestUITests/Info.plist;
				LD_RUNPATH_SEARCH_PATHS = (
					"$(inherited)",
					"@executable_path/Frameworks",
					"@loader_path/Frameworks",
				);
				PRODUCT_BUNDLE_IDENTIFIER = edu.myself.iBeacontestUITests;
				PRODUCT_NAME = "$(TARGET_NAME)";
				SWIFT_VERSION = 5.0;
				TARGETED_DEVICE_FAMILY = "1,2";
				TEST_TARGET_NAME = iBeacontest;
			};
			name = Release;
		};
/* End XCBuildConfiguration section */

/* Begin XCConfigurationList section */
		F67C4B3126AA6930007B9CBC /* Build configuration list for PBXProject "iBeacontest" */ = {
			isa = XCConfigurationList;
			buildConfigurations = (
				F67C4B5E26AA6933007B9CBC /* Debug */,
				F67C4B5F26AA6933007B9CBC /* Release */,
			);
			defaultConfigurationIsVisible = 0;
			defaultConfigurationName = Release;
		};
		F67C4B6026AA6933007B9CBC /* Build configuration list for PBXNativeTarget "iBeacontest" */ = {
			isa = XCConfigurationList;
			buildConfigurations = (
				F67C4B6126AA6933007B9CBC /* Debug */,
				F67C4B6226AA6933007B9CBC /* Release */,
			);
			defaultConfigurationIsVisible = 0;
			defaultConfigurationName = Release;
		};
		F67C4B6326AA6933007B9CBC /* Build configuration list for PBXNativeTarget "iBeacontestTests" */ = {
			isa = XCConfigurationList;
			buildConfigurations = (
				F67C4B6426AA6933007B9CBC /* Debug */,
				F67C4B6526AA6933007B9CBC /* Release */,
			);
			defaultConfigurationIsVisible = 0;
			defaultConfigurationName = Release;
		};
		F67C4B6626AA6933007B9CBC /* Build configuration list for PBXNativeTarget "iBeacontestUITests" */ = {
			isa = XCConfigurationList;
			buildConfigurations = (
				F67C4B6726AA6933007B9CBC /* Debug */,
				F67C4B6826AA6933007B9CBC /* Release */,
			);
			defaultConfigurationIsVisible = 0;
			defaultConfigurationName = Release;
		};
/* End XCConfigurationList section */
	};
	rootObject = F67C4B2E26AA6930007B9CBC /* Project object */;
}
