// !$*UTF8*$!
{
	archiveVersion = 1;
	classes = {
	};
	objectVersion = 50;
	objects = {

/* Begin PBXBuildFile section */
		F6C33ABF2696D9D6007165FE /* AppDelegate.swift in Sources */ = {isa = PBXBuildFile; fileRef = F6C33ABE2696D9D6007165FE /* AppDelegate.swift */; };
		F6C33AC12696D9D6007165FE /* SceneDelegate.swift in Sources */ = {isa = PBXBuildFile; fileRef = F6C33AC02696D9D6007165FE /* SceneDelegate.swift */; };
		F6C33AC32696D9D6007165FE /* ViewController.swift in Sources */ = {isa = PBXBuildFile; fileRef = F6C33AC22696D9D6007165FE /* ViewController.swift */; };
		F6C33AC62696D9D6007165FE /* Main.storyboard in Resources */ = {isa = PBXBuildFile; fileRef = F6C33AC42696D9D6007165FE /* Main.storyboard */; };
		F6C33AC82696D9D8007165FE /* Assets.xcassets in Resources */ = {isa = PBXBuildFile; fileRef = F6C33AC72696D9D8007165FE /* Assets.xcassets */; };
		F6C33ACB2696D9D8007165FE /* LaunchScreen.storyboard in Resources */ = {isa = PBXBuildFile; fileRef = F6C33AC92696D9D8007165FE /* LaunchScreen.storyboard */; };
		F6C33AD62696D9D8007165FE /* HelloworldTests.swift in Sources */ = {isa = PBXBuildFile; fileRef = F6C33AD52696D9D8007165FE /* HelloworldTests.swift */; };
		F6C33AE12696D9D8007165FE /* HelloworldUITests.swift in Sources */ = {isa = PBXBuildFile; fileRef = F6C33AE02696D9D8007165FE /* HelloworldUITests.swift */; };
/* End PBXBuildFile section */

/* Begin PBXContainerItemProxy section */
		F6C33AD22696D9D8007165FE /* PBXContainerItemProxy */ = {
			isa = PBXContainerItemProxy;
			containerPortal = F6C33AB32696D9D6007165FE /* Project object */;
			proxyType = 1;
			remoteGlobalIDString = F6C33ABA2696D9D6007165FE;
			remoteInfo = Helloworld;
		};
		F6C33ADD2696D9D8007165FE /* PBXContainerItemProxy */ = {
			isa = PBXContainerItemProxy;
			containerPortal = F6C33AB32696D9D6007165FE /* Project object */;
			proxyType = 1;
			remoteGlobalIDString = F6C33ABA2696D9D6007165FE;
			remoteInfo = Helloworld;
		};
/* End PBXContainerItemProxy section */

/* Begin PBXFileReference section */
		F6C33ABB2696D9D6007165FE /* Helloworld.app */ = {isa = PBXFileReference; explicitFileType = wrapper.application; includeInIndex = 0; path = Helloworld.app; sourceTree = BUILT_PRODUCTS_DIR; };
		F6C33ABE2696D9D6007165FE /* AppDelegate.swift */ = {isa = PBXFileReference; lastKnownFileType = sourcecode.swift; path = AppDelegate.swift; sourceTree = "<group>"; };
		F6C33AC02696D9D6007165FE /* SceneDelegate.swift */ = {isa = PBXFileReference; lastKnownFileType = sourcecode.swift; path = SceneDelegate.swift; sourceTree = "<group>"; };
		F6C33AC22696D9D6007165FE /* ViewController.swift */ = {isa = PBXFileReference; lastKnownFileType = sourcecode.swift; path = ViewController.swift; sourceTree = "<group>"; };
		F6C33AC52696D9D6007165FE /* Base */ = {isa = PBXFileReference; lastKnownFileType = file.storyboard; name = Base; path = Base.lproj/Main.storyboard; sourceTree = "<group>"; };
		F6C33AC72696D9D8007165FE /* Assets.xcassets */ = {isa = PBXFileReference; lastKnownFileType = folder.assetcatalog; path = Assets.xcassets; sourceTree = "<group>"; };
		F6C33ACA2696D9D8007165FE /* Base */ = {isa = PBXFileReference; lastKnownFileType = file.storyboard; name = Base; path = Base.lproj/LaunchScreen.storyboard; sourceTree = "<group>"; };
		F6C33ACC2696D9D8007165FE /* Info.plist */ = {isa = PBXFileReference; lastKnownFileType = text.plist.xml; path = Info.plist; sourceTree = "<group>"; };
		F6C33AD12696D9D8007165FE /* HelloworldTests.xctest */ = {isa = PBXFileReference; explicitFileType = wrapper.cfbundle; includeInIndex = 0; path = HelloworldTests.xctest; sourceTree = BUILT_PRODUCTS_DIR; };
		F6C33AD52696D9D8007165FE /* HelloworldTests.swift */ = {isa = PBXFileReference; lastKnownFileType = sourcecode.swift; path = HelloworldTests.swift; sourceTree = "<group>"; };
		F6C33AD72696D9D8007165FE /* Info.plist */ = {isa = PBXFileReference; lastKnownFileType = text.plist.xml; path = Info.plist; sourceTree = "<group>"; };
		F6C33ADC2696D9D8007165FE /* HelloworldUITests.xctest */ = {isa = PBXFileReference; explicitFileType = wrapper.cfbundle; includeInIndex = 0; path = HelloworldUITests.xctest; sourceTree = BUILT_PRODUCTS_DIR; };
		F6C33AE02696D9D8007165FE /* HelloworldUITests.swift */ = {isa = PBXFileReference; lastKnownFileType = sourcecode.swift; path = HelloworldUITests.swift; sourceTree = "<group>"; };
		F6C33AE22696D9D8007165FE /* Info.plist */ = {isa = PBXFileReference; lastKnownFileType = text.plist.xml; path = Info.plist; sourceTree = "<group>"; };
/* End PBXFileReference section */

/* Begin PBXFrameworksBuildPhase section */
		F6C33AB82696D9D6007165FE /* Frameworks */ = {
			isa = PBXFrameworksBuildPhase;
			buildActionMask = 2147483647;
			files = (
			);
			runOnlyForDeploymentPostprocessing = 0;
		};
		F6C33ACE2696D9D8007165FE /* Frameworks */ = {
			isa = PBXFrameworksBuildPhase;
			buildActionMask = 2147483647;
			files = (
			);
			runOnlyForDeploymentPostprocessing = 0;
		};
		F6C33AD92696D9D8007165FE /* Frameworks */ = {
			isa = PBXFrameworksBuildPhase;
			buildActionMask = 2147483647;
			files = (
			);
			runOnlyForDeploymentPostprocessing = 0;
		};
/* End PBXFrameworksBuildPhase section */

/* Begin PBXGroup section */
		F6C33AB22696D9D6007165FE = {
			isa = PBXGroup;
			children = (
				F6C33ABD2696D9D6007165FE /* Helloworld */,
				F6C33AD42696D9D8007165FE /* HelloworldTests */,
				F6C33ADF2696D9D8007165FE /* HelloworldUITests */,
				F6C33ABC2696D9D6007165FE /* Products */,
			);
			sourceTree = "<group>";
		};
		F6C33ABC2696D9D6007165FE /* Products */ = {
			isa = PBXGroup;
			children = (
				F6C33ABB2696D9D6007165FE /* Helloworld.app */,
				F6C33AD12696D9D8007165FE /* HelloworldTests.xctest */,
				F6C33ADC2696D9D8007165FE /* HelloworldUITests.xctest */,
			);
			name = Products;
			sourceTree = "<group>";
		};
		F6C33ABD2696D9D6007165FE /* Helloworld */ = {
			isa = PBXGroup;
			children = (
				F6C33ABE2696D9D6007165FE /* AppDelegate.swift */,
				F6C33AC02696D9D6007165FE /* SceneDelegate.swift */,
				F6C33AC22696D9D6007165FE /* ViewController.swift */,
				F6C33AC42696D9D6007165FE /* Main.storyboard */,
				F6C33AC72696D9D8007165FE /* Assets.xcassets */,
				F6C33AC92696D9D8007165FE /* LaunchScreen.storyboard */,
				F6C33ACC2696D9D8007165FE /* Info.plist */,
			);
			path = Helloworld;
			sourceTree = "<group>";
		};
		F6C33AD42696D9D8007165FE /* HelloworldTests */ = {
			isa = PBXGroup;
			children = (
				F6C33AD52696D9D8007165FE /* HelloworldTests.swift */,
				F6C33AD72696D9D8007165FE /* Info.plist */,
			);
			path = HelloworldTests;
			sourceTree = "<group>";
		};
		F6C33ADF2696D9D8007165FE /* HelloworldUITests */ = {
			isa = PBXGroup;
			children = (
				F6C33AE02696D9D8007165FE /* HelloworldUITests.swift */,
				F6C33AE22696D9D8007165FE /* Info.plist */,
			);
			path = HelloworldUITests;
			sourceTree = "<group>";
		};
/* End PBXGroup section */

/* Begin PBXNativeTarget section */
		F6C33ABA2696D9D6007165FE /* Helloworld */ = {
			isa = PBXNativeTarget;
			buildConfigurationList = F6C33AE52696D9D8007165FE /* Build configuration list for PBXNativeTarget "Helloworld" */;
			buildPhases = (
				F6C33AB72696D9D6007165FE /* Sources */,
				F6C33AB82696D9D6007165FE /* Frameworks */,
				F6C33AB92696D9D6007165FE /* Resources */,
			);
			buildRules = (
			);
			dependencies = (
			);
			name = Helloworld;
			productName = Helloworld;
			productReference = F6C33ABB2696D9D6007165FE /* Helloworld.app */;
			productType = "com.apple.product-type.application";
		};
		F6C33AD02696D9D8007165FE /* HelloworldTests */ = {
			isa = PBXNativeTarget;
			buildConfigurationList = F6C33AE82696D9D8007165FE /* Build configuration list for PBXNativeTarget "HelloworldTests" */;
			buildPhases = (
				F6C33ACD2696D9D8007165FE /* Sources */,
				F6C33ACE2696D9D8007165FE /* Frameworks */,
				F6C33ACF2696D9D8007165FE /* Resources */,
			);
			buildRules = (
			);
			dependencies = (
				F6C33AD32696D9D8007165FE /* PBXTargetDependency */,
			);
			name = HelloworldTests;
			productName = HelloworldTests;
			productReference = F6C33AD12696D9D8007165FE /* HelloworldTests.xctest */;
			productType = "com.apple.product-type.bundle.unit-test";
		};
		F6C33ADB2696D9D8007165FE /* HelloworldUITests */ = {
			isa = PBXNativeTarget;
			buildConfigurationList = F6C33AEB2696D9D8007165FE /* Build configuration list for PBXNativeTarget "HelloworldUITests" */;
			buildPhases = (
				F6C33AD82696D9D8007165FE /* Sources */,
				F6C33AD92696D9D8007165FE /* Frameworks */,
				F6C33ADA2696D9D8007165FE /* Resources */,
			);
			buildRules = (
			);
			dependencies = (
				F6C33ADE2696D9D8007165FE /* PBXTargetDependency */,
			);
			name = HelloworldUITests;
			productName = HelloworldUITests;
			productReference = F6C33ADC2696D9D8007165FE /* HelloworldUITests.xctest */;
			productType = "com.apple.product-type.bundle.ui-testing";
		};
/* End PBXNativeTarget section */

/* Begin PBXProject section */
		F6C33AB32696D9D6007165FE /* Project object */ = {
			isa = PBXProject;
			attributes = {
				LastSwiftUpdateCheck = 1170;
				LastUpgradeCheck = 1170;
				ORGANIZATIONNAME = "井民全";
				TargetAttributes = {
					F6C33ABA2696D9D6007165FE = {
						CreatedOnToolsVersion = 11.7;
					};
					F6C33AD02696D9D8007165FE = {
						CreatedOnToolsVersion = 11.7;
						TestTargetID = F6C33ABA2696D9D6007165FE;
					};
					F6C33ADB2696D9D8007165FE = {
						CreatedOnToolsVersion = 11.7;
						TestTargetID = F6C33ABA2696D9D6007165FE;
					};
				};
			};
			buildConfigurationList = F6C33AB62696D9D6007165FE /* Build configuration list for PBXProject "Helloworld" */;
			compatibilityVersion = "Xcode 9.3";
			developmentRegion = en;
			hasScannedForEncodings = 0;
			knownRegions = (
				en,
				Base,
			);
			mainGroup = F6C33AB22696D9D6007165FE;
			productRefGroup = F6C33ABC2696D9D6007165FE /* Products */;
			projectDirPath = "";
			projectRoot = "";
			targets = (
				F6C33ABA2696D9D6007165FE /* Helloworld */,
				F6C33AD02696D9D8007165FE /* HelloworldTests */,
				F6C33ADB2696D9D8007165FE /* HelloworldUITests */,
			);
		};
/* End PBXProject section */

/* Begin PBXResourcesBuildPhase section */
		F6C33AB92696D9D6007165FE /* Resources */ = {
			isa = PBXResourcesBuildPhase;
			buildActionMask = 2147483647;
			files = (
				F6C33ACB2696D9D8007165FE /* LaunchScreen.storyboard in Resources */,
				F6C33AC82696D9D8007165FE /* Assets.xcassets in Resources */,
				F6C33AC62696D9D6007165FE /* Main.storyboard in Resources */,
			);
			runOnlyForDeploymentPostprocessing = 0;
		};
		F6C33ACF2696D9D8007165FE /* Resources */ = {
			isa = PBXResourcesBuildPhase;
			buildActionMask = 2147483647;
			files = (
			);
			runOnlyForDeploymentPostprocessing = 0;
		};
		F6C33ADA2696D9D8007165FE /* Resources */ = {
			isa = PBXResourcesBuildPhase;
			buildActionMask = 2147483647;
			files = (
			);
			runOnlyForDeploymentPostprocessing = 0;
		};
/* End PBXResourcesBuildPhase section */

/* Begin PBXSourcesBuildPhase section */
		F6C33AB72696D9D6007165FE /* Sources */ = {
			isa = PBXSourcesBuildPhase;
			buildActionMask = 2147483647;
			files = (
				F6C33AC32696D9D6007165FE /* ViewController.swift in Sources */,
				F6C33ABF2696D9D6007165FE /* AppDelegate.swift in Sources */,
				F6C33AC12696D9D6007165FE /* SceneDelegate.swift in Sources */,
			);
			runOnlyForDeploymentPostprocessing = 0;
		};
		F6C33ACD2696D9D8007165FE /* Sources */ = {
			isa = PBXSourcesBuildPhase;
			buildActionMask = 2147483647;
			files = (
				F6C33AD62696D9D8007165FE /* HelloworldTests.swift in Sources */,
			);
			runOnlyForDeploymentPostprocessing = 0;
		};
		F6C33AD82696D9D8007165FE /* Sources */ = {
			isa = PBXSourcesBuildPhase;
			buildActionMask = 2147483647;
			files = (
				F6C33AE12696D9D8007165FE /* HelloworldUITests.swift in Sources */,
			);
			runOnlyForDeploymentPostprocessing = 0;
		};
/* End PBXSourcesBuildPhase section */

/* Begin PBXTargetDependency section */
		F6C33AD32696D9D8007165FE /* PBXTargetDependency */ = {
			isa = PBXTargetDependency;
			target = F6C33ABA2696D9D6007165FE /* Helloworld */;
			targetProxy = F6C33AD22696D9D8007165FE /* PBXContainerItemProxy */;
		};
		F6C33ADE2696D9D8007165FE /* PBXTargetDependency */ = {
			isa = PBXTargetDependency;
			target = F6C33ABA2696D9D6007165FE /* Helloworld */;
			targetProxy = F6C33ADD2696D9D8007165FE /* PBXContainerItemProxy */;
		};
/* End PBXTargetDependency section */

/* Begin PBXVariantGroup section */
		F6C33AC42696D9D6007165FE /* Main.storyboard */ = {
			isa = PBXVariantGroup;
			children = (
				F6C33AC52696D9D6007165FE /* Base */,
			);
			name = Main.storyboard;
			sourceTree = "<group>";
		};
		F6C33AC92696D9D8007165FE /* LaunchScreen.storyboard */ = {
			isa = PBXVariantGroup;
			children = (
				F6C33ACA2696D9D8007165FE /* Base */,
			);
			name = LaunchScreen.storyboard;
			sourceTree = "<group>";
		};
/* End PBXVariantGroup section */

/* Begin XCBuildConfiguration section */
		F6C33AE32696D9D8007165FE /* Debug */ = {
			isa = XCBuildConfiguration;
			buildSettings = {
				ALWAYS_SEARCH_USER_PATHS = NO;
				CLANG_ANALYZER_NONNULL = YES;
				CLANG_ANALYZER_NUMBER_OBJECT_CONVERSION = YES_AGGRESSIVE;
				CLANG_CXX_LANGUAGE_STANDARD = "gnu++14";
				CLANG_CXX_LIBRARY = "libc++";
				CLANG_ENABLE_MODULES = YES;
				CLANG_ENABLE_OBJC_ARC = YES;
				CLANG_ENABLE_OBJC_WEAK = YES;
				CLANG_WARN_BLOCK_CAPTURE_AUTORELEASING = YES;
				CLANG_WARN_BOOL_CONVERSION = YES;
				CLANG_WARN_COMMA = YES;
				CLANG_WARN_CONSTANT_CONVERSION = YES;
				CLANG_WARN_DEPRECATED_OBJC_IMPLEMENTATIONS = YES;
				CLANG_WARN_DIRECT_OBJC_ISA_USAGE = YES_ERROR;
				CLANG_WARN_DOCUMENTATION_COMMENTS = YES;
				CLANG_WARN_EMPTY_BODY = YES;
				CLANG_WARN_ENUM_CONVERSION = YES;
				CLANG_WARN_INFINITE_RECURSION = YES;
				CLANG_WARN_INT_CONVERSION = YES;
				CLANG_WARN_NON_LITERAL_NULL_CONVERSION = YES;
				CLANG_WARN_OBJC_IMPLICIT_RETAIN_SELF = YES;
				CLANG_WARN_OBJC_LITERAL_CONVERSION = YES;
				CLANG_WARN_OBJC_ROOT_CLASS = YES_ERROR;
				CLANG_WARN_RANGE_LOOP_ANALYSIS = YES;
				CLANG_WARN_STRICT_PROTOTYPES = YES;
				CLANG_WARN_SUSPICIOUS_MOVE = YES;
				CLANG_WARN_UNGUARDED_AVAILABILITY = YES_AGGRESSIVE;
				CLANG_WARN_UNREACHABLE_CODE = YES;
				CLANG_WARN__DUPLICATE_METHOD_MATCH = YES;
				COPY_PHASE_STRIP = NO;
				DEBUG_INFORMATION_FORMAT = dwarf;
				ENABLE_STRICT_OBJC_MSGSEND = YES;
				ENABLE_TESTABILITY = YES;
				GCC_C_LANGUAGE_STANDARD = gnu11;
				GCC_DYNAMIC_NO_PIC = NO;
				GCC_NO_COMMON_BLOCKS = YES;
				GCC_OPTIMIZATION_LEVEL = 0;
				GCC_PREPROCESSOR_DEFINITIONS = (
					"DEBUG=1",
					"$(inherited)",
				);
				GCC_WARN_64_TO_32_BIT_CONVERSION = YES;
				GCC_WARN_ABOUT_RETURN_TYPE = YES_ERROR;
				GCC_WARN_UNDECLARED_SELECTOR = YES;
				GCC_WARN_UNINITIALIZED_AUTOS = YES_AGGRESSIVE;
				GCC_WARN_UNUSED_FUNCTION = YES;
				GCC_WARN_UNUSED_VARIABLE = YES;
				IPHONEOS_DEPLOYMENT_TARGET = 13.1;
				MTL_ENABLE_DEBUG_INFO = INCLUDE_SOURCE;
				MTL_FAST_MATH = YES;
				ONLY_ACTIVE_ARCH = YES;
				SDKROOT = iphoneos;
				SWIFT_ACTIVE_COMPILATION_CONDITIONS = DEBUG;
				SWIFT_OPTIMIZATION_LEVEL = "-Onone";
			};
			name = Debug;
		};
		F6C33AE42696D9D8007165FE /* Release */ = {
			isa = XCBuildConfiguration;
			buildSettings = {
				ALWAYS_SEARCH_USER_PATHS = NO;
				CLANG_ANALYZER_NONNULL = YES;
				CLANG_ANALYZER_NUMBER_OBJECT_CONVERSION = YES_AGGRESSIVE;
				CLANG_CXX_LANGUAGE_STANDARD = "gnu++14";
				CLANG_CXX_LIBRARY = "libc++";
				CLANG_ENABLE_MODULES = YES;
				CLANG_ENABLE_OBJC_ARC = YES;
				CLANG_ENABLE_OBJC_WEAK = YES;
				CLANG_WARN_BLOCK_CAPTURE_AUTORELEASING = YES;
				CLANG_WARN_BOOL_CONVERSION = YES;
				CLANG_WARN_COMMA = YES;
				CLANG_WARN_CONSTANT_CONVERSION = YES;
				CLANG_WARN_DEPRECATED_OBJC_IMPLEMENTATIONS = YES;
				CLANG_WARN_DIRECT_OBJC_ISA_USAGE = YES_ERROR;
				CLANG_WARN_DOCUMENTATION_COMMENTS = YES;
				CLANG_WARN_EMPTY_BODY = YES;
				CLANG_WARN_ENUM_CONVERSION = YES;
				CLANG_WARN_INFINITE_RECURSION = YES;
				CLANG_WARN_INT_CONVERSION = YES;
				CLANG_WARN_NON_LITERAL_NULL_CONVERSION = YES;
				CLANG_WARN_OBJC_IMPLICIT_RETAIN_SELF = YES;
				CLANG_WARN_OBJC_LITERAL_CONVERSION = YES;
				CLANG_WARN_OBJC_ROOT_CLASS = YES_ERROR;
				CLANG_WARN_RANGE_LOOP_ANALYSIS = YES;
				CLANG_WARN_STRICT_PROTOTYPES = YES;
				CLANG_WARN_SUSPICIOUS_MOVE = YES;
				CLANG_WARN_UNGUARDED_AVAILABILITY = YES_AGGRESSIVE;
				CLANG_WARN_UNREACHABLE_CODE = YES;
				CLANG_WARN__DUPLICATE_METHOD_MATCH = YES;
				COPY_PHASE_STRIP = NO;
				DEBUG_INFORMATION_FORMAT = "dwarf-with-dsym";
				ENABLE_NS_ASSERTIONS = NO;
				ENABLE_STRICT_OBJC_MSGSEND = YES;
				GCC_C_LANGUAGE_STANDARD = gnu11;
				GCC_NO_COMMON_BLOCKS = YES;
				GCC_WARN_64_TO_32_BIT_CONVERSION = YES;
				GCC_WARN_ABOUT_RETURN_TYPE = YES_ERROR;
				GCC_WARN_UNDECLARED_SELECTOR = YES;
				GCC_WARN_UNINITIALIZED_AUTOS = YES_AGGRESSIVE;
				GCC_WARN_UNUSED_FUNCTION = YES;
				GCC_WARN_UNUSED_VARIABLE = YES;
				IPHONEOS_DEPLOYMENT_TARGET = 13.1;
				MTL_ENABLE_DEBUG_INFO = NO;
				MTL_FAST_MATH = YES;
				SDKROOT = iphoneos;
				SWIFT_COMPILATION_MODE = wholemodule;
				SWIFT_OPTIMIZATION_LEVEL = "-O";
				VALIDATE_PRODUCT = YES;
			};
			name = Release;
		};
		F6C33AE62696D9D8007165FE /* Debug */ = {
			isa = XCBuildConfiguration;
			buildSettings = {
				ASSETCATALOG_COMPILER_APPICON_NAME = AppIcon;
				CODE_SIGN_STYLE = Automatic;
				DEVELOPMENT_TEAM = DJTZM98RQ2;
				INFOPLIST_FILE = Helloworld/Info.plist;
				LD_RUNPATH_SEARCH_PATHS = (
					"$(inherited)",
					"@executable_path/Frameworks",
				);
				PRODUCT_BUNDLE_IDENTIFIER = edu.myself.Helloworld;
				PRODUCT_NAME = "$(TARGET_NAME)";
				SWIFT_VERSION = 5.0;
				TARGETED_DEVICE_FAMILY = "1,2";
			};
			name = Debug;
		};
		F6C33AE72696D9D8007165FE /* Release */ = {
			isa = XCBuildConfiguration;
			buildSettings = {
				ASSETCATALOG_COMPILER_APPICON_NAME = AppIcon;
				CODE_SIGN_STYLE = Automatic;
				DEVELOPMENT_TEAM = DJTZM98RQ2;
				INFOPLIST_FILE = Helloworld/Info.plist;
				LD_RUNPATH_SEARCH_PATHS = (
					"$(inherited)",
					"@executable_path/Frameworks",
				);
				PRODUCT_BUNDLE_IDENTIFIER = edu.myself.Helloworld;
				PRODUCT_NAME = "$(TARGET_NAME)";
				SWIFT_VERSION = 5.0;
				TARGETED_DEVICE_FAMILY = "1,2";
			};
			name = Release;
		};
		F6C33AE92696D9D8007165FE /* Debug */ = {
			isa = XCBuildConfiguration;
			buildSettings = {
				ALWAYS_EMBED_SWIFT_STANDARD_LIBRARIES = YES;
				BUNDLE_LOADER = "$(TEST_HOST)";
				CODE_SIGN_STYLE = Automatic;
				INFOPLIST_FILE = HelloworldTests/Info.plist;
				IPHONEOS_DEPLOYMENT_TARGET = 13.7;
				LD_RUNPATH_SEARCH_PATHS = (
					"$(inherited)",
					"@executable_path/Frameworks",
					"@loader_path/Frameworks",
				);
				PRODUCT_BUNDLE_IDENTIFIER = edu.myself.HelloworldTests;
				PRODUCT_NAME = "$(TARGET_NAME)";
				SWIFT_VERSION = 5.0;
				TARGETED_DEVICE_FAMILY = "1,2";
				TEST_HOST = "$(BUILT_PRODUCTS_DIR)/Helloworld.app/Helloworld";
			};
			name = Debug;
		};
		F6C33AEA2696D9D8007165FE /* Release */ = {
			isa = XCBuildConfiguration;
			buildSettings = {
				ALWAYS_EMBED_SWIFT_STANDARD_LIBRARIES = YES;
				BUNDLE_LOADER = "$(TEST_HOST)";
				CODE_SIGN_STYLE = Automatic;
				INFOPLIST_FILE = HelloworldTests/Info.plist;
				IPHONEOS_DEPLOYMENT_TARGET = 13.7;
				LD_RUNPATH_SEARCH_PATHS = (
					"$(inherited)",
					"@executable_path/Frameworks",
					"@loader_path/Frameworks",
				);
				PRODUCT_BUNDLE_IDENTIFIER = edu.myself.HelloworldTests;
				PRODUCT_NAME = "$(TARGET_NAME)";
				SWIFT_VERSION = 5.0;
				TARGETED_DEVICE_FAMILY = "1,2";
				TEST_HOST = "$(BUILT_PRODUCTS_DIR)/Helloworld.app/Helloworld";
			};
			name = Release;
		};
		F6C33AEC2696D9D8007165FE /* Debug */ = {
			isa = XCBuildConfiguration;
			buildSettings = {
				ALWAYS_EMBED_SWIFT_STANDARD_LIBRARIES = YES;
				CODE_SIGN_STYLE = Automatic;
				INFOPLIST_FILE = HelloworldUITests/Info.plist;
				LD_RUNPATH_SEARCH_PATHS = (
					"$(inherited)",
					"@executable_path/Frameworks",
					"@loader_path/Frameworks",
				);
				PRODUCT_BUNDLE_IDENTIFIER = edu.myself.HelloworldUITests;
				PRODUCT_NAME = "$(TARGET_NAME)";
				SWIFT_VERSION = 5.0;
				TARGETED_DEVICE_FAMILY = "1,2";
				TEST_TARGET_NAME = Helloworld;
			};
			name = Debug;
		};
		F6C33AED2696D9D8007165FE /* Release */ = {
			isa = XCBuildConfiguration;
			buildSettings = {
				ALWAYS_EMBED_SWIFT_STANDARD_LIBRARIES = YES;
				CODE_SIGN_STYLE = Automatic;
				INFOPLIST_FILE = HelloworldUITests/Info.plist;
				LD_RUNPATH_SEARCH_PATHS = (
					"$(inherited)",
					"@executable_path/Frameworks",
					"@loader_path/Frameworks",
				);
				PRODUCT_BUNDLE_IDENTIFIER = edu.myself.HelloworldUITests;
				PRODUCT_NAME = "$(TARGET_NAME)";
				SWIFT_VERSION = 5.0;
				TARGETED_DEVICE_FAMILY = "1,2";
				TEST_TARGET_NAME = Helloworld;
			};
			name = Release;
		};
/* End XCBuildConfiguration section */

/* Begin XCConfigurationList section */
		F6C33AB62696D9D6007165FE /* Build configuration list for PBXProject "Helloworld" */ = {
			isa = XCConfigurationList;
			buildConfigurations = (
				F6C33AE32696D9D8007165FE /* Debug */,
				F6C33AE42696D9D8007165FE /* Release */,
			);
			defaultConfigurationIsVisible = 0;
			defaultConfigurationName = Release;
		};
		F6C33AE52696D9D8007165FE /* Build configuration list for PBXNativeTarget "Helloworld" */ = {
			isa = XCConfigurationList;
			buildConfigurations = (
				F6C33AE62696D9D8007165FE /* Debug */,
				F6C33AE72696D9D8007165FE /* Release */,
			);
			defaultConfigurationIsVisible = 0;
			defaultConfigurationName = Release;
		};
		F6C33AE82696D9D8007165FE /* Build configuration list for PBXNativeTarget "HelloworldTests" */ = {
			isa = XCConfigurationList;
			buildConfigurations = (
				F6C33AE92696D9D8007165FE /* Debug */,
				F6C33AEA2696D9D8007165FE /* Release */,
			);
			defaultConfigurationIsVisible = 0;
			defaultConfigurationName = Release;
		};
		F6C33AEB2696D9D8007165FE /* Build configuration list for PBXNativeTarget "HelloworldUITests" */ = {
			isa = XCConfigurationList;
			buildConfigurations = (
				F6C33AEC2696D9D8007165FE /* Debug */,
				F6C33AED2696D9D8007165FE /* Release */,
			);
			defaultConfigurationIsVisible = 0;
			defaultConfigurationName = Release;
		};
/* End XCConfigurationList section */
	};
	rootObject = F6C33AB32696D9D6007165FE /* Project object */;
}
