// !$*UTF8*$!
{
	archiveVersion = 1;
	classes = {
	};
	objectVersion = 50;
	objects = {

/* Begin PBXBuildFile section */
		6BEEBE2622E5C41D00E4D2D4 /* AppDelegate.swift in Sources */ = {isa = PBXBuildFile; fileRef = 6BEEBE2522E5C41D00E4D2D4 /* AppDelegate.swift */; };
		6BEEBE2822E5C41D00E4D2D4 /* SceneDelegate.swift in Sources */ = {isa = PBXBuildFile; fileRef = 6BEEBE2722E5C41D00E4D2D4 /* SceneDelegate.swift */; };
		6BEEBE2A22E5C41D00E4D2D4 /* ViewController.swift in Sources */ = {isa = PBXBuildFile; fileRef = 6BEEBE2922E5C41D00E4D2D4 /* ViewController.swift */; };
		6BEEBE2D22E5C41D00E4D2D4 /* Main.storyboard in Resources */ = {isa = PBXBuildFile; fileRef = 6BEEBE2B22E5C41D00E4D2D4 /* Main.storyboard */; };
		6BEEBE2F22E5C41F00E4D2D4 /* Assets.xcassets in Resources */ = {isa = PBXBuildFile; fileRef = 6BEEBE2E22E5C41F00E4D2D4 /* Assets.xcassets */; };
		6BEEBE3222E5C41F00E4D2D4 /* LaunchScreen.storyboard in Resources */ = {isa = PBXBuildFile; fileRef = 6BEEBE3022E5C41F00E4D2D4 /* LaunchScreen.storyboard */; };
		6BEEBE3C22E5C87900E4D2D4 /* CloudKit.framework in Frameworks */ = {isa = PBXBuildFile; fileRef = 6BEEBE3B22E5C87900E4D2D4 /* CloudKit.framework */; };
/* End PBXBuildFile section */

/* Begin PBXFileReference section */
		6BEEBE2222E5C41D00E4D2D4 /* FileIO_iCloud.app */ = {isa = PBXFileReference; explicitFileType = wrapper.application; includeInIndex = 0; path = FileIO_iCloud.app; sourceTree = BUILT_PRODUCTS_DIR; };
		6BEEBE2522E5C41D00E4D2D4 /* AppDelegate.swift */ = {isa = PBXFileReference; lastKnownFileType = sourcecode.swift; path = AppDelegate.swift; sourceTree = "<group>"; };
		6BEEBE2722E5C41D00E4D2D4 /* SceneDelegate.swift */ = {isa = PBXFileReference; lastKnownFileType = sourcecode.swift; path = SceneDelegate.swift; sourceTree = "<group>"; };
		6BEEBE2922E5C41D00E4D2D4 /* ViewController.swift */ = {isa = PBXFileReference; lastKnownFileType = sourcecode.swift; path = ViewController.swift; sourceTree = "<group>"; };
		6BEEBE2C22E5C41D00E4D2D4 /* Base */ = {isa = PBXFileReference; lastKnownFileType = file.storyboard; name = Base; path = Base.lproj/Main.storyboard; sourceTree = "<group>"; };
		6BEEBE2E22E5C41F00E4D2D4 /* Assets.xcassets */ = {isa = PBXFileReference; lastKnownFileType = folder.assetcatalog; path = Assets.xcassets; sourceTree = "<group>"; };
		6BEEBE3122E5C41F00E4D2D4 /* Base */ = {isa = PBXFileReference; lastKnownFileType = file.storyboard; name = Base; path = Base.lproj/LaunchScreen.storyboard; sourceTree = "<group>"; };
		6BEEBE3322E5C41F00E4D2D4 /* Info.plist */ = {isa = PBXFileReference; lastKnownFileType = text.plist.xml; path = Info.plist; sourceTree = "<group>"; };
		6BEEBE3922E5C4BF00E4D2D4 /* FileIO_iCloud.entitlements */ = {isa = PBXFileReference; lastKnownFileType = text.plist.entitlements; path = FileIO_iCloud.entitlements; sourceTree = "<group>"; };
		6BEEBE3B22E5C87900E4D2D4 /* CloudKit.framework */ = {isa = PBXFileReference; lastKnownFileType = wrapper.framework; name = CloudKit.framework; path = System/Library/Frameworks/CloudKit.framework; sourceTree = SDKROOT; };
/* End PBXFileReference section */

/* Begin PBXFrameworksBuildPhase section */
		6BEEBE1F22E5C41D00E4D2D4 /* Frameworks */ = {
			isa = PBXFrameworksBuildPhase;
			buildActionMask = 2147483647;
			files = (
				6BEEBE3C22E5C87900E4D2D4 /* CloudKit.framework in Frameworks */,
			);
			runOnlyForDeploymentPostprocessing = 0;
		};
/* End PBXFrameworksBuildPhase section */

/* Begin PBXGroup section */
		6BEEBE1922E5C41D00E4D2D4 = {
			isa = PBXGroup;
			children = (
				6BEEBE2422E5C41D00E4D2D4 /* FileIO_iCloud */,
				6BEEBE2322E5C41D00E4D2D4 /* Products */,
				6BEEBE3A22E5C87900E4D2D4 /* Frameworks */,
			);
			sourceTree = "<group>";
		};
		6BEEBE2322E5C41D00E4D2D4 /* Products */ = {
			isa = PBXGroup;
			children = (
				6BEEBE2222E5C41D00E4D2D4 /* FileIO_iCloud.app */,
			);
			name = Products;
			sourceTree = "<group>";
		};
		6BEEBE2422E5C41D00E4D2D4 /* FileIO_iCloud */ = {
			isa = PBXGroup;
			children = (
				6BEEBE3922E5C4BF00E4D2D4 /* FileIO_iCloud.entitlements */,
				6BEEBE2522E5C41D00E4D2D4 /* AppDelegate.swift */,
				6BEEBE2722E5C41D00E4D2D4 /* SceneDelegate.swift */,
				6BEEBE2922E5C41D00E4D2D4 /* ViewController.swift */,
				6BEEBE2B22E5C41D00E4D2D4 /* Main.storyboard */,
				6BEEBE2E22E5C41F00E4D2D4 /* Assets.xcassets */,
				6BEEBE3022E5C41F00E4D2D4 /* LaunchScreen.storyboard */,
				6BEEBE3322E5C41F00E4D2D4 /* Info.plist */,
			);
			path = FileIO_iCloud;
			sourceTree = "<group>";
		};
		6BEEBE3A22E5C87900E4D2D4 /* Frameworks */ = {
			isa = PBXGroup;
			children = (
				6BEEBE3B22E5C87900E4D2D4 /* CloudKit.framework */,
			);
			name = Frameworks;
			sourceTree = "<group>";
		};
/* End PBXGroup section */

/* Begin PBXNativeTarget section */
		6BEEBE2122E5C41D00E4D2D4 /* FileIO_iCloud */ = {
			isa = PBXNativeTarget;
			buildConfigurationList = 6BEEBE3622E5C41F00E4D2D4 /* Build configuration list for PBXNativeTarget "FileIO_iCloud" */;
			buildPhases = (
				6BEEBE1E22E5C41D00E4D2D4 /* Sources */,
				6BEEBE1F22E5C41D00E4D2D4 /* Frameworks */,
				6BEEBE2022E5C41D00E4D2D4 /* Resources */,
			);
			buildRules = (
			);
			dependencies = (
			);
			name = FileIO_iCloud;
			productName = FileIO_iCloud;
			productReference = 6BEEBE2222E5C41D00E4D2D4 /* FileIO_iCloud.app */;
			productType = "com.apple.product-type.application";
		};
/* End PBXNativeTarget section */

/* Begin PBXProject section */
		6BEEBE1A22E5C41D00E4D2D4 /* Project object */ = {
			isa = PBXProject;
			attributes = {
				LastSwiftUpdateCheck = 1100;
				LastUpgradeCheck = 1200;
				ORGANIZATIONNAME = "KoKang Chu";
				TargetAttributes = {
					6BEEBE2122E5C41D00E4D2D4 = {
						CreatedOnToolsVersion = 11.0;
					};
				};
			};
			buildConfigurationList = 6BEEBE1D22E5C41D00E4D2D4 /* Build configuration list for PBXProject "FileIO_iCloud" */;
			compatibilityVersion = "Xcode 9.3";
			developmentRegion = en;
			hasScannedForEncodings = 0;
			knownRegions = (
				en,
				Base,
			);
			mainGroup = 6BEEBE1922E5C41D00E4D2D4;
			productRefGroup = 6BEEBE2322E5C41D00E4D2D4 /* Products */;
			projectDirPath = "";
			projectRoot = "";
			targets = (
				6BEEBE2122E5C41D00E4D2D4 /* FileIO_iCloud */,
			);
		};
/* End PBXProject section */

/* Begin PBXResourcesBuildPhase section */
		6BEEBE2022E5C41D00E4D2D4 /* Resources */ = {
			isa = PBXResourcesBuildPhase;
			buildActionMask = 2147483647;
			files = (
				6BEEBE3222E5C41F00E4D2D4 /* LaunchScreen.storyboard in Resources */,
				6BEEBE2F22E5C41F00E4D2D4 /* Assets.xcassets in Resources */,
				6BEEBE2D22E5C41D00E4D2D4 /* Main.storyboard in Resources */,
			);
			runOnlyForDeploymentPostprocessing = 0;
		};
/* End PBXResourcesBuildPhase section */

/* Begin PBXSourcesBuildPhase section */
		6BEEBE1E22E5C41D00E4D2D4 /* Sources */ = {
			isa = PBXSourcesBuildPhase;
			buildActionMask = 2147483647;
			files = (
				6BEEBE2A22E5C41D00E4D2D4 /* ViewController.swift in Sources */,
				6BEEBE2622E5C41D00E4D2D4 /* AppDelegate.swift in Sources */,
				6BEEBE2822E5C41D00E4D2D4 /* SceneDelegate.swift in Sources */,
			);
			runOnlyForDeploymentPostprocessing = 0;
		};
/* End PBXSourcesBuildPhase section */

/* Begin PBXVariantGroup section */
		6BEEBE2B22E5C41D00E4D2D4 /* Main.storyboard */ = {
			isa = PBXVariantGroup;
			children = (
				6BEEBE2C22E5C41D00E4D2D4 /* Base */,
			);
			name = Main.storyboard;
			sourceTree = "<group>";
		};
		6BEEBE3022E5C41F00E4D2D4 /* LaunchScreen.storyboard */ = {
			isa = PBXVariantGroup;
			children = (
				6BEEBE3122E5C41F00E4D2D4 /* Base */,
			);
			name = LaunchScreen.storyboard;
			sourceTree = "<group>";
		};
/* End PBXVariantGroup section */

/* Begin XCBuildConfiguration section */
		6BEEBE3422E5C41F00E4D2D4 /* Debug */ = {
			isa = XCBuildConfiguration;
			buildSettings = {
				ALWAYS_SEARCH_USER_PATHS = NO;
				CLANG_ANALYZER_NONNULL = YES;
				CLANG_ANALYZER_NUMBER_OBJECT_CONVERSION = YES_AGGRESSIVE;
				CLANG_CXX_LANGUAGE_STANDARD = "gnu++14";
				CLANG_CXX_LIBRARY = "libc++";
				CLANG_ENABLE_MODULES = YES;
				CLANG_ENABLE_OBJC_ARC = YES;
				CLANG_ENABLE_OBJC_WEAK = YES;
				CLANG_WARN_BLOCK_CAPTURE_AUTORELEASING = YES;
				CLANG_WARN_BOOL_CONVERSION = YES;
				CLANG_WARN_COMMA = YES;
				CLANG_WARN_CONSTANT_CONVERSION = YES;
				CLANG_WARN_DEPRECATED_OBJC_IMPLEMENTATIONS = YES;
				CLANG_WARN_DIRECT_OBJC_ISA_USAGE = YES_ERROR;
				CLANG_WARN_DOCUMENTATION_COMMENTS = YES;
				CLANG_WARN_EMPTY_BODY = YES;
				CLANG_WARN_ENUM_CONVERSION = YES;
				CLANG_WARN_INFINITE_RECURSION = YES;
				CLANG_WARN_INT_CONVERSION = YES;
				CLANG_WARN_NON_LITERAL_NULL_CONVERSION = YES;
				CLANG_WARN_OBJC_IMPLICIT_RETAIN_SELF = YES;
				CLANG_WARN_OBJC_LITERAL_CONVERSION = YES;
				CLANG_WARN_OBJC_ROOT_CLASS = YES_ERROR;
				CLANG_WARN_QUOTED_INCLUDE_IN_FRAMEWORK_HEADER = YES;
				CLANG_WARN_RANGE_LOOP_ANALYSIS = YES;
				CLANG_WARN_STRICT_PROTOTYPES = YES;
				CLANG_WARN_SUSPICIOUS_MOVE = YES;
				CLANG_WARN_UNGUARDED_AVAILABILITY = YES_AGGRESSIVE;
				CLANG_WARN_UNREACHABLE_CODE = YES;
				CLANG_WARN__DUPLICATE_METHOD_MATCH = YES;
				COPY_PHASE_STRIP = NO;
				DEBUG_INFORMATION_FORMAT = dwarf;
				ENABLE_STRICT_OBJC_MSGSEND = YES;
				ENABLE_TESTABILITY = YES;
				GCC_C_LANGUAGE_STANDARD = gnu11;
				GCC_DYNAMIC_NO_PIC = NO;
				GCC_NO_COMMON_BLOCKS = YES;
				GCC_OPTIMIZATION_LEVEL = 0;
				GCC_PREPROCESSOR_DEFINITIONS = (
					"DEBUG=1",
					"$(inherited)",
				);
				GCC_WARN_64_TO_32_BIT_CONVERSION = YES;
				GCC_WARN_ABOUT_RETURN_TYPE = YES_ERROR;
				GCC_WARN_UNDECLARED_SELECTOR = YES;
				GCC_WARN_UNINITIALIZED_AUTOS = YES_AGGRESSIVE;
				GCC_WARN_UNUSED_FUNCTION = YES;
				GCC_WARN_UNUSED_VARIABLE = YES;
				IPHONEOS_DEPLOYMENT_TARGET = 14.0;
				MTL_ENABLE_DEBUG_INFO = INCLUDE_SOURCE;
				MTL_FAST_MATH = YES;
				ONLY_ACTIVE_ARCH = YES;
				SDKROOT = iphoneos;
				SWIFT_ACTIVE_COMPILATION_CONDITIONS = DEBUG;
				SWIFT_OPTIMIZATION_LEVEL = "-Onone";
			};
			name = Debug;
		};
		6BEEBE3522E5C41F00E4D2D4 /* Release */ = {
			isa = XCBuildConfiguration;
			buildSettings = {
				ALWAYS_SEARCH_USER_PATHS = NO;
				CLANG_ANALYZER_NONNULL = YES;
				CLANG_ANALYZER_NUMBER_OBJECT_CONVERSION = YES_AGGRESSIVE;
				CLANG_CXX_LANGUAGE_STANDARD = "gnu++14";
				CLANG_CXX_LIBRARY = "libc++";
				CLANG_ENABLE_MODULES = YES;
				CLANG_ENABLE_OBJC_ARC = YES;
				CLANG_ENABLE_OBJC_WEAK = YES;
				CLANG_WARN_BLOCK_CAPTURE_AUTORELEASING = YES;
				CLANG_WARN_BOOL_CONVERSION = YES;
				CLANG_WARN_COMMA = YES;
				CLANG_WARN_CONSTANT_CONVERSION = YES;
				CLANG_WARN_DEPRECATED_OBJC_IMPLEMENTATIONS = YES;
				CLANG_WARN_DIRECT_OBJC_ISA_USAGE = YES_ERROR;
				CLANG_WARN_DOCUMENTATION_COMMENTS = YES;
				CLANG_WARN_EMPTY_BODY = YES;
				CLANG_WARN_ENUM_CONVERSION = YES;
				CLANG_WARN_INFINITE_RECURSION = YES;
				CLANG_WARN_INT_CONVERSION = YES;
				CLANG_WARN_NON_LITERAL_NULL_CONVERSION = YES;
				CLANG_WARN_OBJC_IMPLICIT_RETAIN_SELF = YES;
				CLANG_WARN_OBJC_LITERAL_CONVERSION = YES;
				CLANG_WARN_OBJC_ROOT_CLASS = YES_ERROR;
				CLANG_WARN_QUOTED_INCLUDE_IN_FRAMEWORK_HEADER = YES;
				CLANG_WARN_RANGE_LOOP_ANALYSIS = YES;
				CLANG_WARN_STRICT_PROTOTYPES = YES;
				CLANG_WARN_SUSPICIOUS_MOVE = YES;
				CLANG_WARN_UNGUARDED_AVAILABILITY = YES_AGGRESSIVE;
				CLANG_WARN_UNREACHABLE_CODE = YES;
				CLANG_WARN__DUPLICATE_METHOD_MATCH = YES;
				COPY_PHASE_STRIP = NO;
				DEBUG_INFORMATION_FORMAT = "dwarf-with-dsym";
				ENABLE_NS_ASSERTIONS = NO;
				ENABLE_STRICT_OBJC_MSGSEND = YES;
				GCC_C_LANGUAGE_STANDARD = gnu11;
				GCC_NO_COMMON_BLOCKS = YES;
				GCC_WARN_64_TO_32_BIT_CONVERSION = YES;
				GCC_WARN_ABOUT_RETURN_TYPE = YES_ERROR;
				GCC_WARN_UNDECLARED_SELECTOR = YES;
				GCC_WARN_UNINITIALIZED_AUTOS = YES_AGGRESSIVE;
				GCC_WARN_UNUSED_FUNCTION = YES;
				GCC_WARN_UNUSED_VARIABLE = YES;
				IPHONEOS_DEPLOYMENT_TARGET = 14.0;
				MTL_ENABLE_DEBUG_INFO = NO;
				MTL_FAST_MATH = YES;
				SDKROOT = iphoneos;
				SWIFT_COMPILATION_MODE = wholemodule;
				SWIFT_OPTIMIZATION_LEVEL = "-O";
				VALIDATE_PRODUCT = YES;
			};
			name = Release;
		};
		6BEEBE3722E5C41F00E4D2D4 /* Debug */ = {
			isa = XCBuildConfiguration;
			buildSettings = {
				ASSETCATALOG_COMPILER_APPICON_NAME = AppIcon;
				CODE_SIGN_ENTITLEMENTS = FileIO_iCloud/FileIO_iCloud.entitlements;
				CODE_SIGN_STYLE = Automatic;
				DEVELOPMENT_TEAM = KJZ7U2SMX4;
				INFOPLIST_FILE = FileIO_iCloud/Info.plist;
				LD_RUNPATH_SEARCH_PATHS = (
					"$(inherited)",
					"@executable_path/Frameworks",
				);
				PRODUCT_BUNDLE_IDENTIFIER = "book14.ckk.FileIO-iCloud";
				PRODUCT_NAME = "$(TARGET_NAME)";
				SWIFT_VERSION = 5.0;
				TARGETED_DEVICE_FAMILY = "1,2";
			};
			name = Debug;
		};
		6BEEBE3822E5C41F00E4D2D4 /* Release */ = {
			isa = XCBuildConfiguration;
			buildSettings = {
				ASSETCATALOG_COMPILER_APPICON_NAME = AppIcon;
				CODE_SIGN_ENTITLEMENTS = FileIO_iCloud/FileIO_iCloud.entitlements;
				CODE_SIGN_STYLE = Automatic;
				DEVELOPMENT_TEAM = KJZ7U2SMX4;
				INFOPLIST_FILE = FileIO_iCloud/Info.plist;
				LD_RUNPATH_SEARCH_PATHS = (
					"$(inherited)",
					"@executable_path/Frameworks",
				);
				PRODUCT_BUNDLE_IDENTIFIER = "book14.ckk.FileIO-iCloud";
				PRODUCT_NAME = "$(TARGET_NAME)";
				SWIFT_VERSION = 5.0;
				TARGETED_DEVICE_FAMILY = "1,2";
			};
			name = Release;
		};
/* End XCBuildConfiguration section */

/* Begin XCConfigurationList section */
		6BEEBE1D22E5C41D00E4D2D4 /* Build configuration list for PBXProject "FileIO_iCloud" */ = {
			isa = XCConfigurationList;
			buildConfigurations = (
				6BEEBE3422E5C41F00E4D2D4 /* Debug */,
				6BEEBE3522E5C41F00E4D2D4 /* Release */,
			);
			defaultConfigurationIsVisible = 0;
			defaultConfigurationName = Release;
		};
		6BEEBE3622E5C41F00E4D2D4 /* Build configuration list for PBXNativeTarget "FileIO_iCloud" */ = {
			isa = XCConfigurationList;
			buildConfigurations = (
				6BEEBE3722E5C41F00E4D2D4 /* Debug */,
				6BEEBE3822E5C41F00E4D2D4 /* Release */,
			);
			defaultConfigurationIsVisible = 0;
			defaultConfigurationName = Release;
		};
/* End XCConfigurationList section */
	};
	rootObject = 6BEEBE1A22E5C41D00E4D2D4 /* Project object */;
}
